// !$*UTF8*$!
{
	archiveVersion = 1;
	classes = {
	};
	objectVersion = 46;
	objects = {

/* Begin PBXBuildFile section */
		EA486FEA1AE1D957002A5A3D /* main.m in Sources */ = {isa = PBXBuildFile; fileRef = EA486FE91AE1D957002A5A3D /* main.m */; };
		EA486FED1AE1D957002A5A3D /* AppDelegate.m in Sources */ = {isa = PBXBuildFile; fileRef = EA486FEC1AE1D957002A5A3D /* AppDelegate.m */; };
		EA486FF01AE1D958002A5A3D /* ViewController.m in Sources */ = {isa = PBXBuildFile; fileRef = EA486FEF1AE1D958002A5A3D /* ViewController.m */; };
		EA486FF31AE1D958002A5A3D /* Main.storyboard in Resources */ = {isa = PBXBuildFile; fileRef = EA486FF11AE1D958002A5A3D /* Main.storyboard */; };
		EA486FF51AE1D958002A5A3D /* Images.xcassets in Resources */ = {isa = PBXBuildFile; fileRef = EA486FF41AE1D958002A5A3D /* Images.xcassets */; };
		EA486FF81AE1D958002A5A3D /* LaunchScreen.xib in Resources */ = {isa = PBXBuildFile; fileRef = EA486FF61AE1D958002A5A3D /* LaunchScreen.xib */; };
		EA4870041AE1D958002A5A3D /* SebastianBastidasTests.m in Sources */ = {isa = PBXBuildFile; fileRef = EA4870031AE1D958002A5A3D /* SebastianBastidasTests.m */; };
/* End PBXBuildFile section */

/* Begin PBXContainerItemProxy section */
		EA486FFE1AE1D958002A5A3D /* PBXContainerItemProxy */ = {
			isa = PBXContainerItemProxy;
			containerPortal = EA486FDC1AE1D957002A5A3D /* Project object */;
			proxyType = 1;
			remoteGlobalIDString = EA486FE31AE1D957002A5A3D;
			remoteInfo = SebastianBastidas;
		};
/* End PBXContainerItemProxy section */

/* Begin PBXFileReference section */
		EA486FE41AE1D957002A5A3D /* SebastianBastidas.app */ = {isa = PBXFileReference; explicitFileType = wrapper.application; includeInIndex = 0; path = SebastianBastidas.app; sourceTree = BUILT_PRODUCTS_DIR; };
		EA486FE81AE1D957002A5A3D /* Info.plist */ = {isa = PBXFileReference; lastKnownFileType = text.plist.xml; path = Info.plist; sourceTree = "<group>"; };
		EA486FE91AE1D957002A5A3D /* main.m */ = {isa = PBXFileReference; lastKnownFileType = sourcecode.c.objc; path = main.m; sourceTree = "<group>"; };
		EA486FEB1AE1D957002A5A3D /* AppDelegate.h */ = {isa = PBXFileReference; lastKnownFileType = sourcecode.c.h; path = AppDelegate.h; sourceTree = "<group>"; };
		EA486FEC1AE1D957002A5A3D /* AppDelegate.m */ = {isa = PBXFileReference; lastKnownFileType = sourcecode.c.objc; path = AppDelegate.m; sourceTree = "<group>"; };
		EA486FEE1AE1D957002A5A3D /* ViewController.h */ = {isa = PBXFileReference; lastKnownFileType = sourcecode.c.h; path = ViewController.h; sourceTree = "<group>"; };
		EA486FEF1AE1D958002A5A3D /* ViewController.m */ = {isa = PBXFileReference; lastKnownFileType = sourcecode.c.objc; path = ViewController.m; sourceTree = "<group>"; };
		EA486FF21AE1D958002A5A3D /* Base */ = {isa = PBXFileReference; lastKnownFileType = file.storyboard; name = Base; path = Base.lproj/Main.storyboard; sourceTree = "<group>"; };
		EA486FF41AE1D958002A5A3D /* Images.xcassets */ = {isa = PBXFileReference; lastKnownFileType = folder.assetcatalog; path = Images.xcassets; sourceTree = "<group>"; };
		EA486FF71AE1D958002A5A3D /* Base */ = {isa = PBXFileReference; lastKnownFileType = file.xib; name = Base; path = Base.lproj/LaunchScreen.xib; sourceTree = "<group>"; };
		EA486FFD1AE1D958002A5A3D /* SebastianBastidasTests.xctest */ = {isa = PBXFileReference; explicitFileType = wrapper.cfbundle; includeInIndex = 0; path = SebastianBastidasTests.xctest; sourceTree = BUILT_PRODUCTS_DIR; };
		EA4870021AE1D958002A5A3D /* Info.plist */ = {isa = PBXFileReference; lastKnownFileType = text.plist.xml; path = Info.plist; sourceTree = "<group>"; };
		EA4870031AE1D958002A5A3D /* SebastianBastidasTests.m */ = {isa = PBXFileReference; lastKnownFileType = sourcecode.c.objc; path = SebastianBastidasTests.m; sourceTree = "<group>"; };
/* End PBXFileReference section */

/* Begin PBXFrameworksBuildPhase section */
		EA486FE11AE1D957002A5A3D /* Frameworks */ = {
			isa = PBXFrameworksBuildPhase;
			buildActionMask = 2147483647;
			files = (
			);
			runOnlyForDeploymentPostprocessing = 0;
		};
		EA486FFA1AE1D958002A5A3D /* Frameworks */ = {
			isa = PBXFrameworksBuildPhase;
			buildActionMask = 2147483647;
			files = (
			);
			runOnlyForDeploymentPostprocessing = 0;
		};
/* End PBXFrameworksBuildPhase section */

/* Begin PBXGroup section */
		EA486FDB1AE1D957002A5A3D = {
			isa = PBXGroup;
			children = (
				EA486FE61AE1D957002A5A3D /* SebastianBastidas */,
				EA4870001AE1D958002A5A3D /* SebastianBastidasTests */,
				EA486FE51AE1D957002A5A3D /* Products */,
			);
			sourceTree = "<group>";
		};
		EA486FE51AE1D957002A5A3D /* Products */ = {
			isa = PBXGroup;
			children = (
				EA486FE41AE1D957002A5A3D /* SebastianBastidas.app */,
				EA486FFD1AE1D958002A5A3D /* SebastianBastidasTests.xctest */,
			);
			name = Products;
			sourceTree = "<group>";
		};
		EA486FE61AE1D957002A5A3D /* SebastianBastidas */ = {
			isa = PBXGroup;
			children = (
				EA486FEB1AE1D957002A5A3D /* AppDelegate.h */,
				EA486FEC1AE1D957002A5A3D /* AppDelegate.m */,
				EA486FEE1AE1D957002A5A3D /* ViewController.h */,
				EA486FEF1AE1D958002A5A3D /* ViewController.m */,
				EA486FF11AE1D958002A5A3D /* Main.storyboard */,
				EA486FF41AE1D958002A5A3D /* Images.xcassets */,
				EA486FF61AE1D958002A5A3D /* LaunchScreen.xib */,
				EA486FE71AE1D957002A5A3D /* Supporting Files */,
			);
			path = SebastianBastidas;
			sourceTree = "<group>";
		};
		EA486FE71AE1D957002A5A3D /* Supporting Files */ = {
			isa = PBXGroup;
			children = (
				EA486FE81AE1D957002A5A3D /* Info.plist */,
				EA486FE91AE1D957002A5A3D /* main.m */,
			);
			name = "Supporting Files";
			sourceTree = "<group>";
		};
		EA4870001AE1D958002A5A3D /* SebastianBastidasTests */ = {
			isa = PBXGroup;
			children = (
				EA4870031AE1D958002A5A3D /* SebastianBastidasTests.m */,
				EA4870011AE1D958002A5A3D /* Supporting Files */,
			);
			path = SebastianBastidasTests;
			sourceTree = "<group>";
		};
		EA4870011AE1D958002A5A3D /* Supporting Files */ = {
			isa = PBXGroup;
			children = (
				EA4870021AE1D958002A5A3D /* Info.plist */,
			);
			name = "Supporting Files";
			sourceTree = "<group>";
		};
/* End PBXGroup section */

/* Begin PBXNativeTarget section */
		EA486FE31AE1D957002A5A3D /* SebastianBastidas */ = {
			isa = PBXNativeTarget;
			buildConfigurationList = EA4870071AE1D958002A5A3D /* Build configuration list for PBXNativeTarget "SebastianBastidas" */;
			buildPhases = (
				EA486FE01AE1D957002A5A3D /* Sources */,
				EA486FE11AE1D957002A5A3D /* Frameworks */,
				EA486FE21AE1D957002A5A3D /* Resources */,
			);
			buildRules = (
			);
			dependencies = (
			);
			name = SebastianBastidas;
			productName = SebastianBastidas;
			productReference = EA486FE41AE1D957002A5A3D /* SebastianBastidas.app */;
			productType = "com.apple.product-type.application";
		};
		EA486FFC1AE1D958002A5A3D /* SebastianBastidasTests */ = {
			isa = PBXNativeTarget;
			buildConfigurationList = EA48700A1AE1D958002A5A3D /* Build configuration list for PBXNativeTarget "SebastianBastidasTests" */;
			buildPhases = (
				EA486FF91AE1D958002A5A3D /* Sources */,
				EA486FFA1AE1D958002A5A3D /* Frameworks */,
				EA486FFB1AE1D958002A5A3D /* Resources */,
			);
			buildRules = (
			);
			dependencies = (
				EA486FFF1AE1D958002A5A3D /* PBXTargetDependency */,
			);
			name = SebastianBastidasTests;
			productName = SebastianBastidasTests;
			productReference = EA486FFD1AE1D958002A5A3D /* SebastianBastidasTests.xctest */;
			productType = "com.apple.product-type.bundle.unit-test";
		};
/* End PBXNativeTarget section */

/* Begin PBXProject section */
		EA486FDC1AE1D957002A5A3D /* Project object */ = {
			isa = PBXProject;
			attributes = {
				LastUpgradeCheck = 0630;
				ORGANIZATIONNAME = sbastidasr;
				TargetAttributes = {
					EA486FE31AE1D957002A5A3D = {
						CreatedOnToolsVersion = 6.3;
					};
					EA486FFC1AE1D958002A5A3D = {
						CreatedOnToolsVersion = 6.3;
						TestTargetID = EA486FE31AE1D957002A5A3D;
					};
				};
			};
			buildConfigurationList = EA486FDF1AE1D957002A5A3D /* Build configuration list for PBXProject "SebastianBastidas" */;
			compatibilityVersion = "Xcode 3.2";
			developmentRegion = English;
			hasScannedForEncodings = 0;
			knownRegions = (
				en,
				Base,
			);
			mainGroup = EA486FDB1AE1D957002A5A3D;
			productRefGroup = EA486FE51AE1D957002A5A3D /* Products */;
			projectDirPath = "";
			projectRoot = "";
			targets = (
				EA486FE31AE1D957002A5A3D /* SebastianBastidas */,
				EA486FFC1AE1D958002A5A3D /* SebastianBastidasTests */,
			);
		};
/* End PBXProject section */

/* Begin PBXResourcesBuildPhase section */
		EA486FE21AE1D957002A5A3D /* Resources */ = {
			isa = PBXResourcesBuildPhase;
			buildActionMask = 2147483647;
			files = (
				EA486FF31AE1D958002A5A3D /* Main.storyboard in Resources */,
				EA486FF81AE1D958002A5A3D /* LaunchScreen.xib in Resources */,
				EA486FF51AE1D958002A5A3D /* Images.xcassets in Resources */,
			);
			runOnlyForDeploymentPostprocessing = 0;
		};
		EA486FFB1AE1D958002A5A3D /* Resources */ = {
			isa = PBXResourcesBuildPhase;
			buildActionMask = 2147483647;
			files = (
			);
			runOnlyForDeploymentPostprocessing = 0;
		};
/* End PBXResourcesBuildPhase section */

/* Begin PBXSourcesBuildPhase section */
		EA486FE01AE1D957002A5A3D /* Sources */ = {
			isa = PBXSourcesBuildPhase;
			buildActionMask = 2147483647;
			files = (
				EA486FF01AE1D958002A5A3D /* ViewController.m in Sources */,
				EA486FED1AE1D957002A5A3D /* AppDelegate.m in Sources */,
				EA486FEA1AE1D957002A5A3D /* main.m in Sources */,
			);
			runOnlyForDeploymentPostprocessing = 0;
		};
		EA486FF91AE1D958002A5A3D /* Sources */ = {
			isa = PBXSourcesBuildPhase;
			buildActionMask = 2147483647;
			files = (
				EA4870041AE1D958002A5A3D /* SebastianBastidasTests.m in Sources */,
			);
			runOnlyForDeploymentPostprocessing = 0;
		};
/* End PBXSourcesBuildPhase section */

/* Begin PBXTargetDependency section */
		EA486FFF1AE1D958002A5A3D /* PBXTargetDependency */ = {
			isa = PBXTargetDependency;
			target = EA486FE31AE1D957002A5A3D /* SebastianBastidas */;
			targetProxy = EA486FFE1AE1D958002A5A3D /* PBXContainerItemProxy */;
		};
/* End PBXTargetDependency section */

/* Begin PBXVariantGroup section */
		EA486FF11AE1D958002A5A3D /* Main.storyboard */ = {
			isa = PBXVariantGroup;
			children = (
				EA486FF21AE1D958002A5A3D /* Base */,
			);
			name = Main.storyboard;
			sourceTree = "<group>";
		};
		EA486FF61AE1D958002A5A3D /* LaunchScreen.xib */ = {
			isa = PBXVariantGroup;
			children = (
				EA486FF71AE1D958002A5A3D /* Base */,
			);
			name = LaunchScreen.xib;
			sourceTree = "<group>";
		};
/* End PBXVariantGroup section */

/* Begin XCBuildConfiguration section */
		EA4870051AE1D958002A5A3D /* Debug */ = {
			isa = XCBuildConfiguration;
			buildSettings = {
				ALWAYS_SEARCH_USER_PATHS = NO;
				CLANG_CXX_LANGUAGE_STANDARD = "gnu++0x";
				CLANG_CXX_LIBRARY = "libc++";
				CLANG_ENABLE_MODULES = YES;
				CLANG_ENABLE_OBJC_ARC = YES;
				CLANG_WARN_BOOL_CONVERSION = YES;
				CLANG_WARN_CONSTANT_CONVERSION = YES;
				CLANG_WARN_DIRECT_OBJC_ISA_USAGE = YES_ERROR;
				CLANG_WARN_EMPTY_BODY = YES;
				CLANG_WARN_ENUM_CONVERSION = YES;
				CLANG_WARN_INT_CONVERSION = YES;
				CLANG_WARN_OBJC_ROOT_CLASS = YES_ERROR;
				CLANG_WARN_UNREACHABLE_CODE = YES;
				CLANG_WARN__DUPLICATE_METHOD_MATCH = YES;
				"CODE_SIGN_IDENTITY[sdk=iphoneos*]" = "iPhone Developer";
				COPY_PHASE_STRIP = NO;
				DEBUG_INFORMATION_FORMAT = "dwarf-with-dsym";
				ENABLE_STRICT_OBJC_MSGSEND = YES;
				GCC_C_LANGUAGE_STANDARD = gnu99;
				GCC_DYNAMIC_NO_PIC = NO;
				GCC_NO_COMMON_BLOCKS = YES;
				GCC_OPTIMIZATION_LEVEL = 0;
				GCC_PREPROCESSOR_DEFINITIONS = (
					"DEBUG=1",
					"$(inherited)",
				);
				GCC_SYMBOLS_PRIVATE_EXTERN = NO;
				GCC_WARN_64_TO_32_BIT_CONVERSION = YES;
				GCC_WARN_ABOUT_RETURN_TYPE = YES_ERROR;
				GCC_WARN_UNDECLARED_SELECTOR = YES;
				GCC_WARN_UNINITIALIZED_AUTOS = YES_AGGRESSIVE;
				GCC_WARN_UNUSED_FUNCTION = YES;
				GCC_WARN_UNUSED_VARIABLE = YES;
				IPHONEOS_DEPLOYMENT_TARGET = 8.3;
				MTL_ENABLE_DEBUG_INFO = YES;
				ONLY_ACTIVE_ARCH = YES;
				SDKROOT = iphoneos;
				TARGETED_DEVICE_FAMILY = "1,2";
			};
			name = Debug;
		};
		EA4870061AE1D958002A5A3D /* Release */ = {
			isa = XCBuildConfiguration;
			buildSettings = {
				ALWAYS_SEARCH_USER_PATHS = NO;
				CLANG_CXX_LANGUAGE_STANDARD = "gnu++0x";
				CLANG_CXX_LIBRARY = "libc++";
				CLANG_ENABLE_MODULES = YES;
				CLANG_ENABLE_OBJC_ARC = YES;
				CLANG_WARN_BOOL_CONVERSION = YES;
				CLANG_WARN_CONSTANT_CONVERSION = YES;
				CLANG_WARN_DIRECT_OBJC_ISA_USAGE = YES_ERROR;
				CLANG_WARN_EMPTY_BODY = YES;
				CLANG_WARN_ENUM_CONVERSION = YES;
				CLANG_WARN_INT_CONVERSION = YES;
				CLANG_WARN_OBJC_ROOT_CLASS = YES_ERROR;
				CLANG_WARN_UNREACHABLE_CODE = YES;
				CLANG_WARN__DUPLICATE_METHOD_MATCH = YES;
				"CODE_SIGN_IDENTITY[sdk=iphoneos*]" = "iPhone Developer";
				COPY_PHASE_STRIP = NO;
				DEBUG_INFORMATION_FORMAT = "dwarf-with-dsym";
				ENABLE_NS_ASSERTIONS = NO;
				ENABLE_STRICT_OBJC_MSGSEND = YES;
				GCC_C_LANGUAGE_STANDARD = gnu99;
				GCC_NO_COMMON_BLOCKS = YES;
				GCC_WARN_64_TO_32_BIT_CONVERSION = YES;
				GCC_WARN_ABOUT_RETURN_TYPE = YES_ERROR;
				GCC_WARN_UNDECLARED_SELECTOR = YES;
				GCC_WARN_UNINITIALIZED_AUTOS = YES_AGGRESSIVE;
				GCC_WARN_UNUSED_FUNCTION = YES;
				GCC_WARN_UNUSED_VARIABLE = YES;
				IPHONEOS_DEPLOYMENT_TARGET = 8.3;
				MTL_ENABLE_DEBUG_INFO = NO;
				SDKROOT = iphoneos;
				TARGETED_DEVICE_FAMILY = "1,2";
				VALIDATE_PRODUCT = YES;
			};
			name = Release;
		};
		EA4870081AE1D958002A5A3D /* Debug */ = {
			isa = XCBuildConfiguration;
			buildSettings = {
				ASSETCATALOG_COMPILER_APPICON_NAME = AppIcon;
				INFOPLIST_FILE = SebastianBastidas/Info.plist;
				LD_RUNPATH_SEARCH_PATHS = "$(inherited) @executable_path/Frameworks";
				PRODUCT_NAME = "$(TARGET_NAME)";
			};
			name = Debug;
		};
		EA4870091AE1D958002A5A3D /* Release */ = {
			isa = XCBuildConfiguration;
			buildSettings = {
				ASSETCATALOG_COMPILER_APPICON_NAME = AppIcon;
				INFOPLIST_FILE = SebastianBastidas/Info.plist;
				LD_RUNPATH_SEARCH_PATHS = "$(inherited) @executable_path/Frameworks";
				PRODUCT_NAME = "$(TARGET_NAME)";
			};
			name = Release;
		};
		EA48700B1AE1D958002A5A3D /* Debug */ = {
			isa = XCBuildConfiguration;
			buildSettings = {
				BUNDLE_LOADER = "$(TEST_HOST)";
				FRAMEWORK_SEARCH_PATHS = (
					"$(SDKROOT)/Developer/Library/Frameworks",
					"$(inherited)",
				);
				GCC_PREPROCESSOR_DEFINITIONS = (
					"DEBUG=1",
					"$(inherited)",
				);
				INFOPLIST_FILE = SebastianBastidasTests/Info.plist;
				LD_RUNPATH_SEARCH_PATHS = "$(inherited) @executable_path/Frameworks @loader_path/Frameworks";
				PRODUCT_NAME = "$(TARGET_NAME)";
				TEST_HOST = "$(BUILT_PRODUCTS_DIR)/SebastianBastidas.app/SebastianBastidas";
			};
			name = Debug;
		};
		EA48700C1AE1D958002A5A3D /* Release */ = {
			isa = XCBuildConfiguration;
			buildSettings = {
				BUNDLE_LOADER = "$(TEST_HOST)";
				FRAMEWORK_SEARCH_PATHS = (
					"$(SDKROOT)/Developer/Library/Frameworks",
					"$(inherited)",
				);
				INFOPLIST_FILE = SebastianBastidasTests/Info.plist;
				LD_RUNPATH_SEARCH_PATHS = "$(inherited) @executable_path/Frameworks @loader_path/Frameworks";
				PRODUCT_NAME = "$(TARGET_NAME)";
				TEST_HOST = "$(BUILT_PRODUCTS_DIR)/SebastianBastidas.app/SebastianBastidas";
			};
			name = Release;
		};
/* End XCBuildConfiguration section */

/* Begin XCConfigurationList section */
		EA486FDF1AE1D957002A5A3D /* Build configuration list for PBXProject "SebastianBastidas" */ = {
			isa = XCConfigurationList;
			buildConfigurations = (
				EA4870051AE1D958002A5A3D /* Debug */,
				EA4870061AE1D958002A5A3D /* Release */,
			);
			defaultConfigurationIsVisible = 0;
			defaultConfigurationName = Release;
		};
		EA4870071AE1D958002A5A3D /* Build configuration list for PBXNativeTarget "SebastianBastidas" */ = {
			isa = XCConfigurationList;
			buildConfigurations = (
				EA4870081AE1D958002A5A3D /* Debug */,
				EA4870091AE1D958002A5A3D /* Release */,
			);
			defaultConfigurationIsVisible = 0;
		};
		EA48700A1AE1D958002A5A3D /* Build configuration list for PBXNativeTarget "SebastianBastidasTests" */ = {
			isa = XCConfigurationList;
			buildConfigurations = (
				EA48700B1AE1D958002A5A3D /* Debug */,
				EA48700C1AE1D958002A5A3D /* Release */,
			);
			defaultConfigurationIsVisible = 0;
		};
/* End XCConfigurationList section */
	};
	rootObject = EA486FDC1AE1D957002A5A3D /* Project object */;
}
