// !$*UTF8*$!
{
	archiveVersion = 1;
	classes = {
	};
	objectVersion = 46;
	objects = {

/* Begin PBXBuildFile section */
		EA0F49421AE540660020B086 /* PocketSVG.m in Sources */ = {isa = PBXBuildFile; fileRef = EA0F49411AE540660020B086 /* PocketSVG.m */; };
		EA0F494F1AE54ACF0020B086 /* ruby.svg in Resources */ = {isa = PBXBuildFile; fileRef = EA0F494E1AE54ACF0020B086 /* ruby.svg */; };
		EA2C1FF01AE5CECF00D0DC7B /* color-small.png in Resources */ = {isa = PBXBuildFile; fileRef = EA2C1FEE1AE5CECF00D0DC7B /* color-small.png */; };
		EA2C1FF11AE5CECF00D0DC7B /* colored-small.png in Resources */ = {isa = PBXBuildFile; fileRef = EA2C1FEF1AE5CECF00D0DC7B /* colored-small.png */; };
		EA2C1FF41AE6A55100D0DC7B /* DismissViewController.m in Sources */ = {isa = PBXBuildFile; fileRef = EA2C1FF31AE6A55100D0DC7B /* DismissViewController.m */; };
		EA3A34AB1AE40A4A0042FB88 /* SwipeViewController.m in Sources */ = {isa = PBXBuildFile; fileRef = EA3A34AA1AE40A4A0042FB88 /* SwipeViewController.m */; };
		EA3A34B21AE418010042FB88 /* DrawViewController.m in Sources */ = {isa = PBXBuildFile; fileRef = EA3A34AD1AE418010042FB88 /* DrawViewController.m */; };
		EA3A34B31AE418010042FB88 /* WTMGlyphDetectorView.m in Sources */ = {isa = PBXBuildFile; fileRef = EA3A34AF1AE418010042FB88 /* WTMGlyphDetectorView.m */; };
		EA3A34E41AE418990042FB88 /* CDataScanner.m in Sources */ = {isa = PBXBuildFile; fileRef = EA3A34BB1AE418990042FB88 /* CDataScanner.m */; };
		EA3A34E51AE418990042FB88 /* CFilteringJSONSerializer.m in Sources */ = {isa = PBXBuildFile; fileRef = EA3A34BE1AE418990042FB88 /* CFilteringJSONSerializer.m */; };
		EA3A34E61AE418990042FB88 /* CJSONDeserializer_BlocksExtensions.m in Sources */ = {isa = PBXBuildFile; fileRef = EA3A34C01AE418990042FB88 /* CJSONDeserializer_BlocksExtensions.m */; };
		EA3A34E71AE418990042FB88 /* CJSONSerialization.m in Sources */ = {isa = PBXBuildFile; fileRef = EA3A34C21AE418990042FB88 /* CJSONSerialization.m */; };
		EA3A34E81AE418990042FB88 /* CJSONSerializedData.m in Sources */ = {isa = PBXBuildFile; fileRef = EA3A34C41AE418990042FB88 /* CJSONSerializedData.m */; };
		EA3A34E91AE418990042FB88 /* CDataScanner_Extensions.m in Sources */ = {isa = PBXBuildFile; fileRef = EA3A34C71AE418990042FB88 /* CDataScanner_Extensions.m */; };
		EA3A34EA1AE418990042FB88 /* NSDictionary_JSONExtensions.m in Sources */ = {isa = PBXBuildFile; fileRef = EA3A34C91AE418990042FB88 /* NSDictionary_JSONExtensions.m */; };
		EA3A34EB1AE418990042FB88 /* CJSONDeserializer.m in Sources */ = {isa = PBXBuildFile; fileRef = EA3A34CC1AE418990042FB88 /* CJSONDeserializer.m */; };
		EA3A34EC1AE418990042FB88 /* CJSONScanner.m in Sources */ = {isa = PBXBuildFile; fileRef = EA3A34CE1AE418990042FB88 /* CJSONScanner.m */; };
		EA3A34ED1AE418990042FB88 /* CJSONSerializer.m in Sources */ = {isa = PBXBuildFile; fileRef = EA3A34D01AE418990042FB88 /* CJSONSerializer.m */; };
		EA3A34EE1AE418990042FB88 /* ndollar.js in Resources */ = {isa = PBXBuildFile; fileRef = EA3A34D21AE418990042FB88 /* ndollar.js */; };
		EA3A34EF1AE418990042FB88 /* protractor-chi2010.pdf in Resources */ = {isa = PBXBuildFile; fileRef = EA3A34D31AE418990042FB88 /* protractor-chi2010.pdf */; };
		EA3A34F01AE418990042FB88 /* WTMDetectionResult.m in Sources */ = {isa = PBXBuildFile; fileRef = EA3A34D51AE418990042FB88 /* WTMDetectionResult.m */; };
		EA3A34F11AE418990042FB88 /* WTMGlyph.m in Sources */ = {isa = PBXBuildFile; fileRef = EA3A34D81AE418990042FB88 /* WTMGlyph.m */; };
		EA3A34F21AE418990042FB88 /* WTMGlyphDefaults.m in Sources */ = {isa = PBXBuildFile; fileRef = EA3A34DA1AE418990042FB88 /* WTMGlyphDefaults.m */; };
		EA3A34F31AE418990042FB88 /* WTMGlyphDetector.m in Sources */ = {isa = PBXBuildFile; fileRef = EA3A34DD1AE418990042FB88 /* WTMGlyphDetector.m */; };
		EA3A34F41AE418990042FB88 /* WTMGlyphStroke.m in Sources */ = {isa = PBXBuildFile; fileRef = EA3A34DF1AE418990042FB88 /* WTMGlyphStroke.m */; };
		EA3A34F51AE418990042FB88 /* WTMGlyphTemplate.m in Sources */ = {isa = PBXBuildFile; fileRef = EA3A34E11AE418990042FB88 /* WTMGlyphTemplate.m */; };
		EA3A34F61AE418990042FB88 /* WTMGlyphUtilities.m in Sources */ = {isa = PBXBuildFile; fileRef = EA3A34E31AE418990042FB88 /* WTMGlyphUtilities.m */; };
		EA3A34F81AE41A1C0042FB88 /* UIKit.framework in Frameworks */ = {isa = PBXBuildFile; fileRef = EA3A34F71AE41A1C0042FB88 /* UIKit.framework */; };
		EA3A34FA1AE41A330042FB88 /* CoreGraphics.framework in Frameworks */ = {isa = PBXBuildFile; fileRef = EA3A34F91AE41A330042FB88 /* CoreGraphics.framework */; };
		EA3A34FC1AE41A390042FB88 /* Foundation.framework in Frameworks */ = {isa = PBXBuildFile; fileRef = EA3A34FB1AE41A390042FB88 /* Foundation.framework */; };
		EA3A34FF1AE422970042FB88 /* WTMGlyphDemo-Info.plist in Resources */ = {isa = PBXBuildFile; fileRef = EA3A34FE1AE422970042FB88 /* WTMGlyphDemo-Info.plist */; };
		EA3A351E1AE422D80042FB88 /* A.json in Resources */ = {isa = PBXBuildFile; fileRef = EA3A35011AE422D80042FB88 /* A.json */; };
		EA3A351F1AE422D80042FB88 /* B.json in Resources */ = {isa = PBXBuildFile; fileRef = EA3A35021AE422D80042FB88 /* B.json */; };
		EA3A35201AE422D80042FB88 /* C.json in Resources */ = {isa = PBXBuildFile; fileRef = EA3A35031AE422D80042FB88 /* C.json */; };
		EA3A35211AE422D80042FB88 /* circle.json in Resources */ = {isa = PBXBuildFile; fileRef = EA3A35041AE422D80042FB88 /* circle.json */; };
		EA3A35221AE422D80042FB88 /* D.json in Resources */ = {isa = PBXBuildFile; fileRef = EA3A35051AE422D80042FB88 /* D.json */; };
		EA3A35231AE422D80042FB88 /* E.json in Resources */ = {isa = PBXBuildFile; fileRef = EA3A35061AE422D80042FB88 /* E.json */; };
		EA3A35241AE422D80042FB88 /* F.json in Resources */ = {isa = PBXBuildFile; fileRef = EA3A35071AE422D80042FB88 /* F.json */; };
		EA3A35251AE422D80042FB88 /* G.json in Resources */ = {isa = PBXBuildFile; fileRef = EA3A35081AE422D80042FB88 /* G.json */; };
		EA3A35261AE422D80042FB88 /* H.json in Resources */ = {isa = PBXBuildFile; fileRef = EA3A35091AE422D80042FB88 /* H.json */; };
		EA3A35271AE422D80042FB88 /* I.json in Resources */ = {isa = PBXBuildFile; fileRef = EA3A350A1AE422D80042FB88 /* I.json */; };
		EA3A35281AE422D80042FB88 /* J.json in Resources */ = {isa = PBXBuildFile; fileRef = EA3A350B1AE422D80042FB88 /* J.json */; };
		EA3A35291AE422D80042FB88 /* K.json in Resources */ = {isa = PBXBuildFile; fileRef = EA3A350C1AE422D80042FB88 /* K.json */; };
		EA3A352A1AE422D80042FB88 /* L.json in Resources */ = {isa = PBXBuildFile; fileRef = EA3A350D1AE422D80042FB88 /* L.json */; };
		EA3A352B1AE422D80042FB88 /* M.json in Resources */ = {isa = PBXBuildFile; fileRef = EA3A350E1AE422D80042FB88 /* M.json */; };
		EA3A352C1AE422D80042FB88 /* N.json in Resources */ = {isa = PBXBuildFile; fileRef = EA3A350F1AE422D80042FB88 /* N.json */; };
		EA3A352D1AE422D80042FB88 /* O.json in Resources */ = {isa = PBXBuildFile; fileRef = EA3A35101AE422D80042FB88 /* O.json */; };
		EA3A352E1AE422D80042FB88 /* P.json in Resources */ = {isa = PBXBuildFile; fileRef = EA3A35111AE422D80042FB88 /* P.json */; };
		EA3A352F1AE422D80042FB88 /* Q.json in Resources */ = {isa = PBXBuildFile; fileRef = EA3A35121AE422D80042FB88 /* Q.json */; };
		EA3A35301AE422D80042FB88 /* R.json in Resources */ = {isa = PBXBuildFile; fileRef = EA3A35131AE422D80042FB88 /* R.json */; };
		EA3A35311AE422D80042FB88 /* S.json in Resources */ = {isa = PBXBuildFile; fileRef = EA3A35141AE422D80042FB88 /* S.json */; };
		EA3A35321AE422D80042FB88 /* square.json in Resources */ = {isa = PBXBuildFile; fileRef = EA3A35151AE422D80042FB88 /* square.json */; };
		EA3A35331AE422D80042FB88 /* T.json in Resources */ = {isa = PBXBuildFile; fileRef = EA3A35161AE422D80042FB88 /* T.json */; };
		EA3A35341AE422D80042FB88 /* triangle.json in Resources */ = {isa = PBXBuildFile; fileRef = EA3A35171AE422D80042FB88 /* triangle.json */; };
		EA3A35351AE422D80042FB88 /* U.json in Resources */ = {isa = PBXBuildFile; fileRef = EA3A35181AE422D80042FB88 /* U.json */; };
		EA3A35361AE422D80042FB88 /* V.json in Resources */ = {isa = PBXBuildFile; fileRef = EA3A35191AE422D80042FB88 /* V.json */; };
		EA3A35371AE422D80042FB88 /* W.json in Resources */ = {isa = PBXBuildFile; fileRef = EA3A351A1AE422D80042FB88 /* W.json */; };
		EA3A35381AE422D80042FB88 /* X.json in Resources */ = {isa = PBXBuildFile; fileRef = EA3A351B1AE422D80042FB88 /* X.json */; };
		EA3A35391AE422D80042FB88 /* Y.json in Resources */ = {isa = PBXBuildFile; fileRef = EA3A351C1AE422D80042FB88 /* Y.json */; };
		EA3A353A1AE422D80042FB88 /* Z.json in Resources */ = {isa = PBXBuildFile; fileRef = EA3A351D1AE422D80042FB88 /* Z.json */; };
		EA3A35401AE44DB20042FB88 /* 4.json in Resources */ = {isa = PBXBuildFile; fileRef = EA3A353F1AE44DB20042FB88 /* 4.json */; };
		EA3A35421AE44E260042FB88 /* ruby.json in Resources */ = {isa = PBXBuildFile; fileRef = EA3A35411AE44E260042FB88 /* ruby.json */; };
		EA486FEA1AE1D957002A5A3D /* main.m in Sources */ = {isa = PBXBuildFile; fileRef = EA486FE91AE1D957002A5A3D /* main.m */; };
		EA486FED1AE1D957002A5A3D /* AppDelegate.m in Sources */ = {isa = PBXBuildFile; fileRef = EA486FEC1AE1D957002A5A3D /* AppDelegate.m */; };
		EA486FF31AE1D958002A5A3D /* Main.storyboard in Resources */ = {isa = PBXBuildFile; fileRef = EA486FF11AE1D958002A5A3D /* Main.storyboard */; };
		EA486FF51AE1D958002A5A3D /* Images.xcassets in Resources */ = {isa = PBXBuildFile; fileRef = EA486FF41AE1D958002A5A3D /* Images.xcassets */; };
		EA486FF81AE1D958002A5A3D /* LaunchScreen.xib in Resources */ = {isa = PBXBuildFile; fileRef = EA486FF61AE1D958002A5A3D /* LaunchScreen.xib */; };
		EA4870041AE1D958002A5A3D /* SebastianBastidasTests.m in Sources */ = {isa = PBXBuildFile; fileRef = EA4870031AE1D958002A5A3D /* SebastianBastidasTests.m */; };
		EA4870171AE1DE61002A5A3D /* PianoViewController.swift in Sources */ = {isa = PBXBuildFile; fileRef = EA4870161AE1DE61002A5A3D /* PianoViewController.swift */; };
		EA4870191AE1DF55002A5A3D /* Piano.swift in Sources */ = {isa = PBXBuildFile; fileRef = EA4870181AE1DF55002A5A3D /* Piano.swift */; };
		EA4870231AE1E2D5002A5A3D /* black.jpg in Resources */ = {isa = PBXBuildFile; fileRef = EA4870211AE1E2D5002A5A3D /* black.jpg */; };
		EA4870241AE1E2D5002A5A3D /* white.jpg in Resources */ = {isa = PBXBuildFile; fileRef = EA4870221AE1E2D5002A5A3D /* white.jpg */; };
		EA4870331AE1E31A002A5A3D /* A#.mp3 in Resources */ = {isa = PBXBuildFile; fileRef = EA4870261AE1E31A002A5A3D /* A#.mp3 */; };
		EA4870341AE1E31A002A5A3D /* A.mp3 in Resources */ = {isa = PBXBuildFile; fileRef = EA4870271AE1E31A002A5A3D /* A.mp3 */; };
		EA4870351AE1E31A002A5A3D /* B.mp3 in Resources */ = {isa = PBXBuildFile; fileRef = EA4870281AE1E31A002A5A3D /* B.mp3 */; };
		EA4870361AE1E31A002A5A3D /* C#.mp3 in Resources */ = {isa = PBXBuildFile; fileRef = EA4870291AE1E31A002A5A3D /* C#.mp3 */; };
		EA4870371AE1E31A002A5A3D /* C3.mp3 in Resources */ = {isa = PBXBuildFile; fileRef = EA48702A1AE1E31A002A5A3D /* C3.mp3 */; };
		EA4870381AE1E31A002A5A3D /* C4.mp3 in Resources */ = {isa = PBXBuildFile; fileRef = EA48702B1AE1E31A002A5A3D /* C4.mp3 */; };
		EA4870391AE1E31A002A5A3D /* D#.mp3 in Resources */ = {isa = PBXBuildFile; fileRef = EA48702C1AE1E31A002A5A3D /* D#.mp3 */; };
		EA48703A1AE1E31A002A5A3D /* D.mp3 in Resources */ = {isa = PBXBuildFile; fileRef = EA48702D1AE1E31A002A5A3D /* D.mp3 */; };
		EA48703B1AE1E31A002A5A3D /* E.mp3 in Resources */ = {isa = PBXBuildFile; fileRef = EA48702E1AE1E31A002A5A3D /* E.mp3 */; };
		EA48703C1AE1E31A002A5A3D /* F#.mp3 in Resources */ = {isa = PBXBuildFile; fileRef = EA48702F1AE1E31A002A5A3D /* F#.mp3 */; };
		EA48703D1AE1E31A002A5A3D /* F.mp3 in Resources */ = {isa = PBXBuildFile; fileRef = EA4870301AE1E31A002A5A3D /* F.mp3 */; };
		EA48703E1AE1E31A002A5A3D /* G#.mp3 in Resources */ = {isa = PBXBuildFile; fileRef = EA4870311AE1E31A002A5A3D /* G#.mp3 */; };
		EA48703F1AE1E31A002A5A3D /* G.mp3 in Resources */ = {isa = PBXBuildFile; fileRef = EA4870321AE1E31A002A5A3D /* G.mp3 */; };
		EA69D9DC1AE7102D00BE5B9D /* DropItViewController.m in Sources */ = {isa = PBXBuildFile; fileRef = EA69D9D91AE7102C00BE5B9D /* DropItViewController.m */; };
		EA69D9DD1AE7102D00BE5B9D /* DropItBehavior.m in Sources */ = {isa = PBXBuildFile; fileRef = EA69D9DB1AE7102D00BE5B9D /* DropItBehavior.m */; };
		EA69D9E31AE7127500BE5B9D /* LeavesViewController.m in Sources */ = {isa = PBXBuildFile; fileRef = EA69D9E21AE7127500BE5B9D /* LeavesViewController.m */; };
		EA69D9E51AE7141800BE5B9D /* leaf.svg in Resources */ = {isa = PBXBuildFile; fileRef = EA69D9E41AE7141800BE5B9D /* leaf.svg */; };
		EA76F5B31AE559E800AAD496 /* house.svg in Resources */ = {isa = PBXBuildFile; fileRef = EA76F5B21AE559E800AAD496 /* house.svg */; };
		EA76F5F71AE5A8DB00AAD496 /* EraseImageView.m in Sources */ = {isa = PBXBuildFile; fileRef = EA76F5F61AE5A8DB00AAD496 /* EraseImageView.m */; };
		EA76F5FA1AE5A9CA00AAD496 /* EraseViewController.m in Sources */ = {isa = PBXBuildFile; fileRef = EA76F5F91AE5A9CA00AAD496 /* EraseViewController.m */; };
		EA76F5FE1AE5AAB000AAD496 /* 1.png in Resources */ = {isa = PBXBuildFile; fileRef = EA76F5FC1AE5AAB000AAD496 /* 1.png */; };
		EA76F6021AE5B09800AAD496 /* colorBackground.png in Resources */ = {isa = PBXBuildFile; fileRef = EA76F6001AE5B09800AAD496 /* colorBackground.png */; };
		EA76F6041AE5B0E300AAD496 /* computerWithWhite.png in Resources */ = {isa = PBXBuildFile; fileRef = EA76F6031AE5B0E300AAD496 /* computerWithWhite.png */; };
		EA76F6061AE5B1B800AAD496 /* color.png in Resources */ = {isa = PBXBuildFile; fileRef = EA76F6051AE5B1B800AAD496 /* color.png */; };
		EA76F6081AE5B2FA00AAD496 /* colored.png in Resources */ = {isa = PBXBuildFile; fileRef = EA76F6071AE5B2FA00AAD496 /* colored.png */; };
/* End PBXBuildFile section */

/* Begin PBXContainerItemProxy section */
		EA486FFE1AE1D958002A5A3D /* PBXContainerItemProxy */ = {
			isa = PBXContainerItemProxy;
			containerPortal = EA486FDC1AE1D957002A5A3D /* Project object */;
			proxyType = 1;
			remoteGlobalIDString = EA486FE31AE1D957002A5A3D;
			remoteInfo = SebastianBastidas;
		};
/* End PBXContainerItemProxy section */

/* Begin PBXFileReference section */
		EA0F49401AE540660020B086 /* PocketSVG.h */ = {isa = PBXFileReference; fileEncoding = 4; lastKnownFileType = sourcecode.c.h; path = PocketSVG.h; sourceTree = "<group>"; };
		EA0F49411AE540660020B086 /* PocketSVG.m */ = {isa = PBXFileReference; fileEncoding = 4; lastKnownFileType = sourcecode.c.objc; path = PocketSVG.m; sourceTree = "<group>"; };
		EA0F49431AE540840020B086 /* PocketSVG iOS Example-Bridging-Header.h */ = {isa = PBXFileReference; lastKnownFileType = sourcecode.c.h; path = "PocketSVG iOS Example-Bridging-Header.h"; sourceTree = "<group>"; };
		EA0F494E1AE54ACF0020B086 /* ruby.svg */ = {isa = PBXFileReference; fileEncoding = 4; lastKnownFileType = text.xml; path = ruby.svg; sourceTree = "<group>"; };
		EA2C1FEE1AE5CECF00D0DC7B /* color-small.png */ = {isa = PBXFileReference; lastKnownFileType = image.png; path = "color-small.png"; sourceTree = "<group>"; };
		EA2C1FEF1AE5CECF00D0DC7B /* colored-small.png */ = {isa = PBXFileReference; lastKnownFileType = image.png; path = "colored-small.png"; sourceTree = "<group>"; };
		EA2C1FF21AE6A55100D0DC7B /* DismissViewController.h */ = {isa = PBXFileReference; fileEncoding = 4; lastKnownFileType = sourcecode.c.h; path = DismissViewController.h; sourceTree = "<group>"; };
		EA2C1FF31AE6A55100D0DC7B /* DismissViewController.m */ = {isa = PBXFileReference; fileEncoding = 4; lastKnownFileType = sourcecode.c.objc; path = DismissViewController.m; sourceTree = "<group>"; };
		EA3A34A91AE40A4A0042FB88 /* SwipeViewController.h */ = {isa = PBXFileReference; fileEncoding = 4; lastKnownFileType = sourcecode.c.h; path = SwipeViewController.h; sourceTree = "<group>"; };
		EA3A34AA1AE40A4A0042FB88 /* SwipeViewController.m */ = {isa = PBXFileReference; fileEncoding = 4; lastKnownFileType = sourcecode.c.objc; path = SwipeViewController.m; sourceTree = "<group>"; };
		EA3A34AC1AE418000042FB88 /* DrawViewController.h */ = {isa = PBXFileReference; fileEncoding = 4; lastKnownFileType = sourcecode.c.h; path = DrawViewController.h; sourceTree = "<group>"; };
		EA3A34AD1AE418010042FB88 /* DrawViewController.m */ = {isa = PBXFileReference; fileEncoding = 4; lastKnownFileType = sourcecode.c.objc; path = DrawViewController.m; sourceTree = "<group>"; };
		EA3A34AE1AE418010042FB88 /* WTMGlyphDetectorView.h */ = {isa = PBXFileReference; fileEncoding = 4; lastKnownFileType = sourcecode.c.h; path = WTMGlyphDetectorView.h; sourceTree = "<group>"; };
		EA3A34AF1AE418010042FB88 /* WTMGlyphDetectorView.m */ = {isa = PBXFileReference; fileEncoding = 4; lastKnownFileType = sourcecode.c.objc; path = WTMGlyphDetectorView.m; sourceTree = "<group>"; };
		EA3A34B81AE418230042FB88 /* WTMGlyphDemo-Prefix.pch */ = {isa = PBXFileReference; lastKnownFileType = sourcecode.c.h; path = "WTMGlyphDemo-Prefix.pch"; sourceTree = "<group>"; };
		EA3A34BA1AE418990042FB88 /* CDataScanner.h */ = {isa = PBXFileReference; fileEncoding = 4; lastKnownFileType = sourcecode.c.h; path = CDataScanner.h; sourceTree = "<group>"; };
		EA3A34BB1AE418990042FB88 /* CDataScanner.m */ = {isa = PBXFileReference; fileEncoding = 4; lastKnownFileType = sourcecode.c.objc; path = CDataScanner.m; sourceTree = "<group>"; };
		EA3A34BD1AE418990042FB88 /* CFilteringJSONSerializer.h */ = {isa = PBXFileReference; fileEncoding = 4; lastKnownFileType = sourcecode.c.h; path = CFilteringJSONSerializer.h; sourceTree = "<group>"; };
		EA3A34BE1AE418990042FB88 /* CFilteringJSONSerializer.m */ = {isa = PBXFileReference; fileEncoding = 4; lastKnownFileType = sourcecode.c.objc; path = CFilteringJSONSerializer.m; sourceTree = "<group>"; };
		EA3A34BF1AE418990042FB88 /* CJSONDeserializer_BlocksExtensions.h */ = {isa = PBXFileReference; fileEncoding = 4; lastKnownFileType = sourcecode.c.h; path = CJSONDeserializer_BlocksExtensions.h; sourceTree = "<group>"; };
		EA3A34C01AE418990042FB88 /* CJSONDeserializer_BlocksExtensions.m */ = {isa = PBXFileReference; fileEncoding = 4; lastKnownFileType = sourcecode.c.objc; path = CJSONDeserializer_BlocksExtensions.m; sourceTree = "<group>"; };
		EA3A34C11AE418990042FB88 /* CJSONSerialization.h */ = {isa = PBXFileReference; fileEncoding = 4; lastKnownFileType = sourcecode.c.h; path = CJSONSerialization.h; sourceTree = "<group>"; };
		EA3A34C21AE418990042FB88 /* CJSONSerialization.m */ = {isa = PBXFileReference; fileEncoding = 4; lastKnownFileType = sourcecode.c.objc; path = CJSONSerialization.m; sourceTree = "<group>"; };
		EA3A34C31AE418990042FB88 /* CJSONSerializedData.h */ = {isa = PBXFileReference; fileEncoding = 4; lastKnownFileType = sourcecode.c.h; path = CJSONSerializedData.h; sourceTree = "<group>"; };
		EA3A34C41AE418990042FB88 /* CJSONSerializedData.m */ = {isa = PBXFileReference; fileEncoding = 4; lastKnownFileType = sourcecode.c.objc; path = CJSONSerializedData.m; sourceTree = "<group>"; };
		EA3A34C61AE418990042FB88 /* CDataScanner_Extensions.h */ = {isa = PBXFileReference; fileEncoding = 4; lastKnownFileType = sourcecode.c.h; path = CDataScanner_Extensions.h; sourceTree = "<group>"; };
		EA3A34C71AE418990042FB88 /* CDataScanner_Extensions.m */ = {isa = PBXFileReference; fileEncoding = 4; lastKnownFileType = sourcecode.c.objc; path = CDataScanner_Extensions.m; sourceTree = "<group>"; };
		EA3A34C81AE418990042FB88 /* NSDictionary_JSONExtensions.h */ = {isa = PBXFileReference; fileEncoding = 4; lastKnownFileType = sourcecode.c.h; path = NSDictionary_JSONExtensions.h; sourceTree = "<group>"; };
		EA3A34C91AE418990042FB88 /* NSDictionary_JSONExtensions.m */ = {isa = PBXFileReference; fileEncoding = 4; lastKnownFileType = sourcecode.c.objc; path = NSDictionary_JSONExtensions.m; sourceTree = "<group>"; };
		EA3A34CB1AE418990042FB88 /* CJSONDeserializer.h */ = {isa = PBXFileReference; fileEncoding = 4; lastKnownFileType = sourcecode.c.h; path = CJSONDeserializer.h; sourceTree = "<group>"; };
		EA3A34CC1AE418990042FB88 /* CJSONDeserializer.m */ = {isa = PBXFileReference; fileEncoding = 4; lastKnownFileType = sourcecode.c.objc; path = CJSONDeserializer.m; sourceTree = "<group>"; };
		EA3A34CD1AE418990042FB88 /* CJSONScanner.h */ = {isa = PBXFileReference; fileEncoding = 4; lastKnownFileType = sourcecode.c.h; path = CJSONScanner.h; sourceTree = "<group>"; };
		EA3A34CE1AE418990042FB88 /* CJSONScanner.m */ = {isa = PBXFileReference; fileEncoding = 4; lastKnownFileType = sourcecode.c.objc; path = CJSONScanner.m; sourceTree = "<group>"; };
		EA3A34CF1AE418990042FB88 /* CJSONSerializer.h */ = {isa = PBXFileReference; fileEncoding = 4; lastKnownFileType = sourcecode.c.h; path = CJSONSerializer.h; sourceTree = "<group>"; };
		EA3A34D01AE418990042FB88 /* CJSONSerializer.m */ = {isa = PBXFileReference; fileEncoding = 4; lastKnownFileType = sourcecode.c.objc; path = CJSONSerializer.m; sourceTree = "<group>"; };
		EA3A34D11AE418990042FB88 /* JSONRepresentation.h */ = {isa = PBXFileReference; fileEncoding = 4; lastKnownFileType = sourcecode.c.h; path = JSONRepresentation.h; sourceTree = "<group>"; };
		EA3A34D21AE418990042FB88 /* ndollar.js */ = {isa = PBXFileReference; fileEncoding = 4; lastKnownFileType = sourcecode.javascript; path = ndollar.js; sourceTree = "<group>"; };
		EA3A34D31AE418990042FB88 /* protractor-chi2010.pdf */ = {isa = PBXFileReference; lastKnownFileType = image.pdf; path = "protractor-chi2010.pdf"; sourceTree = "<group>"; };
		EA3A34D41AE418990042FB88 /* WTMDetectionResult.h */ = {isa = PBXFileReference; fileEncoding = 4; lastKnownFileType = sourcecode.c.h; path = WTMDetectionResult.h; sourceTree = "<group>"; };
		EA3A34D51AE418990042FB88 /* WTMDetectionResult.m */ = {isa = PBXFileReference; fileEncoding = 4; lastKnownFileType = sourcecode.c.objc; path = WTMDetectionResult.m; sourceTree = "<group>"; };
		EA3A34D61AE418990042FB88 /* WTMGlyph-Prefix.pch */ = {isa = PBXFileReference; fileEncoding = 4; lastKnownFileType = sourcecode.c.h; path = "WTMGlyph-Prefix.pch"; sourceTree = "<group>"; };
		EA3A34D71AE418990042FB88 /* WTMGlyph.h */ = {isa = PBXFileReference; fileEncoding = 4; lastKnownFileType = sourcecode.c.h; path = WTMGlyph.h; sourceTree = "<group>"; };
		EA3A34D81AE418990042FB88 /* WTMGlyph.m */ = {isa = PBXFileReference; fileEncoding = 4; lastKnownFileType = sourcecode.c.objc; path = WTMGlyph.m; sourceTree = "<group>"; };
		EA3A34D91AE418990042FB88 /* WTMGlyphDefaults.h */ = {isa = PBXFileReference; fileEncoding = 4; lastKnownFileType = sourcecode.c.h; path = WTMGlyphDefaults.h; sourceTree = "<group>"; };
		EA3A34DA1AE418990042FB88 /* WTMGlyphDefaults.m */ = {isa = PBXFileReference; fileEncoding = 4; lastKnownFileType = sourcecode.c.objc; path = WTMGlyphDefaults.m; sourceTree = "<group>"; };
		EA3A34DB1AE418990042FB88 /* WTMGlyphDelegate.h */ = {isa = PBXFileReference; fileEncoding = 4; lastKnownFileType = sourcecode.c.h; path = WTMGlyphDelegate.h; sourceTree = "<group>"; };
		EA3A34DC1AE418990042FB88 /* WTMGlyphDetector.h */ = {isa = PBXFileReference; fileEncoding = 4; lastKnownFileType = sourcecode.c.h; path = WTMGlyphDetector.h; sourceTree = "<group>"; };
		EA3A34DD1AE418990042FB88 /* WTMGlyphDetector.m */ = {isa = PBXFileReference; fileEncoding = 4; lastKnownFileType = sourcecode.c.objc; path = WTMGlyphDetector.m; sourceTree = "<group>"; };
		EA3A34DE1AE418990042FB88 /* WTMGlyphStroke.h */ = {isa = PBXFileReference; fileEncoding = 4; lastKnownFileType = sourcecode.c.h; path = WTMGlyphStroke.h; sourceTree = "<group>"; };
		EA3A34DF1AE418990042FB88 /* WTMGlyphStroke.m */ = {isa = PBXFileReference; fileEncoding = 4; lastKnownFileType = sourcecode.c.objc; path = WTMGlyphStroke.m; sourceTree = "<group>"; };
		EA3A34E01AE418990042FB88 /* WTMGlyphTemplate.h */ = {isa = PBXFileReference; fileEncoding = 4; lastKnownFileType = sourcecode.c.h; path = WTMGlyphTemplate.h; sourceTree = "<group>"; };
		EA3A34E11AE418990042FB88 /* WTMGlyphTemplate.m */ = {isa = PBXFileReference; fileEncoding = 4; lastKnownFileType = sourcecode.c.objc; path = WTMGlyphTemplate.m; sourceTree = "<group>"; };
		EA3A34E21AE418990042FB88 /* WTMGlyphUtilities.h */ = {isa = PBXFileReference; fileEncoding = 4; lastKnownFileType = sourcecode.c.h; path = WTMGlyphUtilities.h; sourceTree = "<group>"; };
		EA3A34E31AE418990042FB88 /* WTMGlyphUtilities.m */ = {isa = PBXFileReference; fileEncoding = 4; lastKnownFileType = sourcecode.c.objc; path = WTMGlyphUtilities.m; sourceTree = "<group>"; };
		EA3A34F71AE41A1C0042FB88 /* UIKit.framework */ = {isa = PBXFileReference; lastKnownFileType = wrapper.framework; name = UIKit.framework; path = System/Library/Frameworks/UIKit.framework; sourceTree = SDKROOT; };
		EA3A34F91AE41A330042FB88 /* CoreGraphics.framework */ = {isa = PBXFileReference; lastKnownFileType = wrapper.framework; name = CoreGraphics.framework; path = System/Library/Frameworks/CoreGraphics.framework; sourceTree = SDKROOT; };
		EA3A34FB1AE41A390042FB88 /* Foundation.framework */ = {isa = PBXFileReference; lastKnownFileType = wrapper.framework; name = Foundation.framework; path = System/Library/Frameworks/Foundation.framework; sourceTree = SDKROOT; };
		EA3A34FE1AE422970042FB88 /* WTMGlyphDemo-Info.plist */ = {isa = PBXFileReference; fileEncoding = 4; lastKnownFileType = text.plist.xml; path = "WTMGlyphDemo-Info.plist"; sourceTree = "<group>"; };
		EA3A35011AE422D80042FB88 /* A.json */ = {isa = PBXFileReference; fileEncoding = 4; lastKnownFileType = text.json; path = A.json; sourceTree = "<group>"; };
		EA3A35021AE422D80042FB88 /* B.json */ = {isa = PBXFileReference; fileEncoding = 4; lastKnownFileType = text.json; path = B.json; sourceTree = "<group>"; };
		EA3A35031AE422D80042FB88 /* C.json */ = {isa = PBXFileReference; fileEncoding = 4; lastKnownFileType = text.json; path = C.json; sourceTree = "<group>"; };
		EA3A35041AE422D80042FB88 /* circle.json */ = {isa = PBXFileReference; fileEncoding = 4; lastKnownFileType = text.json; path = circle.json; sourceTree = "<group>"; };
		EA3A35051AE422D80042FB88 /* D.json */ = {isa = PBXFileReference; fileEncoding = 4; lastKnownFileType = text.json; path = D.json; sourceTree = "<group>"; };
		EA3A35061AE422D80042FB88 /* E.json */ = {isa = PBXFileReference; fileEncoding = 4; lastKnownFileType = text.json; path = E.json; sourceTree = "<group>"; };
		EA3A35071AE422D80042FB88 /* F.json */ = {isa = PBXFileReference; fileEncoding = 4; lastKnownFileType = text.json; path = F.json; sourceTree = "<group>"; };
		EA3A35081AE422D80042FB88 /* G.json */ = {isa = PBXFileReference; fileEncoding = 4; lastKnownFileType = text.json; path = G.json; sourceTree = "<group>"; };
		EA3A35091AE422D80042FB88 /* H.json */ = {isa = PBXFileReference; fileEncoding = 4; lastKnownFileType = text.json; path = H.json; sourceTree = "<group>"; };
		EA3A350A1AE422D80042FB88 /* I.json */ = {isa = PBXFileReference; fileEncoding = 4; lastKnownFileType = text.json; path = I.json; sourceTree = "<group>"; };
		EA3A350B1AE422D80042FB88 /* J.json */ = {isa = PBXFileReference; fileEncoding = 4; lastKnownFileType = text.json; path = J.json; sourceTree = "<group>"; };
		EA3A350C1AE422D80042FB88 /* K.json */ = {isa = PBXFileReference; fileEncoding = 4; lastKnownFileType = text.json; path = K.json; sourceTree = "<group>"; };
		EA3A350D1AE422D80042FB88 /* L.json */ = {isa = PBXFileReference; fileEncoding = 4; lastKnownFileType = text.json; path = L.json; sourceTree = "<group>"; };
		EA3A350E1AE422D80042FB88 /* M.json */ = {isa = PBXFileReference; fileEncoding = 4; lastKnownFileType = text.json; path = M.json; sourceTree = "<group>"; };
		EA3A350F1AE422D80042FB88 /* N.json */ = {isa = PBXFileReference; fileEncoding = 4; lastKnownFileType = text.json; path = N.json; sourceTree = "<group>"; };
		EA3A35101AE422D80042FB88 /* O.json */ = {isa = PBXFileReference; fileEncoding = 4; lastKnownFileType = text.json; path = O.json; sourceTree = "<group>"; };
		EA3A35111AE422D80042FB88 /* P.json */ = {isa = PBXFileReference; fileEncoding = 4; lastKnownFileType = text.json; path = P.json; sourceTree = "<group>"; };
		EA3A35121AE422D80042FB88 /* Q.json */ = {isa = PBXFileReference; fileEncoding = 4; lastKnownFileType = text.json; path = Q.json; sourceTree = "<group>"; };
		EA3A35131AE422D80042FB88 /* R.json */ = {isa = PBXFileReference; fileEncoding = 4; lastKnownFileType = text.json; path = R.json; sourceTree = "<group>"; };
		EA3A35141AE422D80042FB88 /* S.json */ = {isa = PBXFileReference; fileEncoding = 4; lastKnownFileType = text.json; path = S.json; sourceTree = "<group>"; };
		EA3A35151AE422D80042FB88 /* square.json */ = {isa = PBXFileReference; fileEncoding = 4; lastKnownFileType = text.json; path = square.json; sourceTree = "<group>"; };
		EA3A35161AE422D80042FB88 /* T.json */ = {isa = PBXFileReference; fileEncoding = 4; lastKnownFileType = text.json; path = T.json; sourceTree = "<group>"; };
		EA3A35171AE422D80042FB88 /* triangle.json */ = {isa = PBXFileReference; fileEncoding = 4; lastKnownFileType = text.json; path = triangle.json; sourceTree = "<group>"; };
		EA3A35181AE422D80042FB88 /* U.json */ = {isa = PBXFileReference; fileEncoding = 4; lastKnownFileType = text.json; path = U.json; sourceTree = "<group>"; };
		EA3A35191AE422D80042FB88 /* V.json */ = {isa = PBXFileReference; fileEncoding = 4; lastKnownFileType = text.json; path = V.json; sourceTree = "<group>"; };
		EA3A351A1AE422D80042FB88 /* W.json */ = {isa = PBXFileReference; fileEncoding = 4; lastKnownFileType = text.json; path = W.json; sourceTree = "<group>"; };
		EA3A351B1AE422D80042FB88 /* X.json */ = {isa = PBXFileReference; fileEncoding = 4; lastKnownFileType = text.json; path = X.json; sourceTree = "<group>"; };
		EA3A351C1AE422D80042FB88 /* Y.json */ = {isa = PBXFileReference; fileEncoding = 4; lastKnownFileType = text.json; path = Y.json; sourceTree = "<group>"; };
		EA3A351D1AE422D80042FB88 /* Z.json */ = {isa = PBXFileReference; fileEncoding = 4; lastKnownFileType = text.json; path = Z.json; sourceTree = "<group>"; };
		EA3A353F1AE44DB20042FB88 /* 4.json */ = {isa = PBXFileReference; fileEncoding = 4; lastKnownFileType = text.json; path = 4.json; sourceTree = "<group>"; };
		EA3A35411AE44E260042FB88 /* ruby.json */ = {isa = PBXFileReference; fileEncoding = 4; lastKnownFileType = text.json; path = ruby.json; sourceTree = "<group>"; };
		EA486FE41AE1D957002A5A3D /* SebastianBastidas.app */ = {isa = PBXFileReference; explicitFileType = wrapper.application; includeInIndex = 0; path = SebastianBastidas.app; sourceTree = BUILT_PRODUCTS_DIR; };
		EA486FE81AE1D957002A5A3D /* Info.plist */ = {isa = PBXFileReference; lastKnownFileType = text.plist.xml; path = Info.plist; sourceTree = "<group>"; };
		EA486FE91AE1D957002A5A3D /* main.m */ = {isa = PBXFileReference; lastKnownFileType = sourcecode.c.objc; path = main.m; sourceTree = "<group>"; };
		EA486FEB1AE1D957002A5A3D /* AppDelegate.h */ = {isa = PBXFileReference; lastKnownFileType = sourcecode.c.h; path = AppDelegate.h; sourceTree = "<group>"; };
		EA486FEC1AE1D957002A5A3D /* AppDelegate.m */ = {isa = PBXFileReference; lastKnownFileType = sourcecode.c.objc; path = AppDelegate.m; sourceTree = "<group>"; };
		EA486FF21AE1D958002A5A3D /* Base */ = {isa = PBXFileReference; lastKnownFileType = file.storyboard; name = Base; path = Base.lproj/Main.storyboard; sourceTree = "<group>"; };
		EA486FF41AE1D958002A5A3D /* Images.xcassets */ = {isa = PBXFileReference; lastKnownFileType = folder.assetcatalog; path = Images.xcassets; sourceTree = "<group>"; };
		EA486FF71AE1D958002A5A3D /* Base */ = {isa = PBXFileReference; lastKnownFileType = file.xib; name = Base; path = Base.lproj/LaunchScreen.xib; sourceTree = "<group>"; };
		EA486FFD1AE1D958002A5A3D /* SebastianBastidasTests.xctest */ = {isa = PBXFileReference; explicitFileType = wrapper.cfbundle; includeInIndex = 0; path = SebastianBastidasTests.xctest; sourceTree = BUILT_PRODUCTS_DIR; };
		EA4870021AE1D958002A5A3D /* Info.plist */ = {isa = PBXFileReference; lastKnownFileType = text.plist.xml; path = Info.plist; sourceTree = "<group>"; };
		EA4870031AE1D958002A5A3D /* SebastianBastidasTests.m */ = {isa = PBXFileReference; lastKnownFileType = sourcecode.c.objc; path = SebastianBastidasTests.m; sourceTree = "<group>"; };
		EA4870131AE1DDA2002A5A3D /* SebastianBastidas-Bridging-Header.h */ = {isa = PBXFileReference; lastKnownFileType = sourcecode.c.h; path = "SebastianBastidas-Bridging-Header.h"; sourceTree = "<group>"; };
		EA4870161AE1DE61002A5A3D /* PianoViewController.swift */ = {isa = PBXFileReference; fileEncoding = 4; lastKnownFileType = sourcecode.swift; path = PianoViewController.swift; sourceTree = "<group>"; };
		EA4870181AE1DF55002A5A3D /* Piano.swift */ = {isa = PBXFileReference; fileEncoding = 4; lastKnownFileType = sourcecode.swift; path = Piano.swift; sourceTree = "<group>"; };
		EA4870211AE1E2D5002A5A3D /* black.jpg */ = {isa = PBXFileReference; lastKnownFileType = image.jpeg; path = black.jpg; sourceTree = "<group>"; };
		EA4870221AE1E2D5002A5A3D /* white.jpg */ = {isa = PBXFileReference; lastKnownFileType = image.jpeg; path = white.jpg; sourceTree = "<group>"; };
		EA4870261AE1E31A002A5A3D /* A#.mp3 */ = {isa = PBXFileReference; lastKnownFileType = audio.mp3; path = "A#.mp3"; sourceTree = "<group>"; };
		EA4870271AE1E31A002A5A3D /* A.mp3 */ = {isa = PBXFileReference; lastKnownFileType = audio.mp3; path = A.mp3; sourceTree = "<group>"; };
		EA4870281AE1E31A002A5A3D /* B.mp3 */ = {isa = PBXFileReference; lastKnownFileType = audio.mp3; path = B.mp3; sourceTree = "<group>"; };
		EA4870291AE1E31A002A5A3D /* C#.mp3 */ = {isa = PBXFileReference; lastKnownFileType = audio.mp3; path = "C#.mp3"; sourceTree = "<group>"; };
		EA48702A1AE1E31A002A5A3D /* C3.mp3 */ = {isa = PBXFileReference; lastKnownFileType = audio.mp3; path = C3.mp3; sourceTree = "<group>"; };
		EA48702B1AE1E31A002A5A3D /* C4.mp3 */ = {isa = PBXFileReference; lastKnownFileType = audio.mp3; path = C4.mp3; sourceTree = "<group>"; };
		EA48702C1AE1E31A002A5A3D /* D#.mp3 */ = {isa = PBXFileReference; lastKnownFileType = audio.mp3; path = "D#.mp3"; sourceTree = "<group>"; };
		EA48702D1AE1E31A002A5A3D /* D.mp3 */ = {isa = PBXFileReference; lastKnownFileType = audio.mp3; path = D.mp3; sourceTree = "<group>"; };
		EA48702E1AE1E31A002A5A3D /* E.mp3 */ = {isa = PBXFileReference; lastKnownFileType = audio.mp3; path = E.mp3; sourceTree = "<group>"; };
		EA48702F1AE1E31A002A5A3D /* F#.mp3 */ = {isa = PBXFileReference; lastKnownFileType = audio.mp3; path = "F#.mp3"; sourceTree = "<group>"; };
		EA4870301AE1E31A002A5A3D /* F.mp3 */ = {isa = PBXFileReference; lastKnownFileType = audio.mp3; path = F.mp3; sourceTree = "<group>"; };
		EA4870311AE1E31A002A5A3D /* G#.mp3 */ = {isa = PBXFileReference; lastKnownFileType = audio.mp3; path = "G#.mp3"; sourceTree = "<group>"; };
		EA4870321AE1E31A002A5A3D /* G.mp3 */ = {isa = PBXFileReference; lastKnownFileType = audio.mp3; path = G.mp3; sourceTree = "<group>"; };
		EA69D9D81AE7102C00BE5B9D /* DropItViewController.h */ = {isa = PBXFileReference; fileEncoding = 4; lastKnownFileType = sourcecode.c.h; path = DropItViewController.h; sourceTree = "<group>"; };
		EA69D9D91AE7102C00BE5B9D /* DropItViewController.m */ = {isa = PBXFileReference; fileEncoding = 4; lastKnownFileType = sourcecode.c.objc; path = DropItViewController.m; sourceTree = "<group>"; };
		EA69D9DA1AE7102C00BE5B9D /* DropItBehavior.h */ = {isa = PBXFileReference; fileEncoding = 4; lastKnownFileType = sourcecode.c.h; path = DropItBehavior.h; sourceTree = "<group>"; };
		EA69D9DB1AE7102D00BE5B9D /* DropItBehavior.m */ = {isa = PBXFileReference; fileEncoding = 4; lastKnownFileType = sourcecode.c.objc; path = DropItBehavior.m; sourceTree = "<group>"; };
		EA69D9E11AE7127500BE5B9D /* LeavesViewController.h */ = {isa = PBXFileReference; fileEncoding = 4; lastKnownFileType = sourcecode.c.h; path = LeavesViewController.h; sourceTree = "<group>"; };
		EA69D9E21AE7127500BE5B9D /* LeavesViewController.m */ = {isa = PBXFileReference; fileEncoding = 4; lastKnownFileType = sourcecode.c.objc; path = LeavesViewController.m; sourceTree = "<group>"; };
		EA69D9E41AE7141800BE5B9D /* leaf.svg */ = {isa = PBXFileReference; fileEncoding = 4; lastKnownFileType = text.xml; path = leaf.svg; sourceTree = "<group>"; };
		EA76F5B21AE559E800AAD496 /* house.svg */ = {isa = PBXFileReference; fileEncoding = 4; lastKnownFileType = text.xml; path = house.svg; sourceTree = "<group>"; };
		EA76F5F51AE5A8DB00AAD496 /* EraseImageView.h */ = {isa = PBXFileReference; fileEncoding = 4; lastKnownFileType = sourcecode.c.h; path = EraseImageView.h; sourceTree = "<group>"; };
		EA76F5F61AE5A8DB00AAD496 /* EraseImageView.m */ = {isa = PBXFileReference; fileEncoding = 4; lastKnownFileType = sourcecode.c.objc; path = EraseImageView.m; sourceTree = "<group>"; };
		EA76F5F81AE5A9CA00AAD496 /* EraseViewController.h */ = {isa = PBXFileReference; fileEncoding = 4; lastKnownFileType = sourcecode.c.h; path = EraseViewController.h; sourceTree = "<group>"; };
		EA76F5F91AE5A9CA00AAD496 /* EraseViewController.m */ = {isa = PBXFileReference; fileEncoding = 4; lastKnownFileType = sourcecode.c.objc; path = EraseViewController.m; sourceTree = "<group>"; };
		EA76F5FC1AE5AAB000AAD496 /* 1.png */ = {isa = PBXFileReference; lastKnownFileType = image.png; path = 1.png; sourceTree = "<group>"; };
		EA76F6001AE5B09800AAD496 /* colorBackground.png */ = {isa = PBXFileReference; lastKnownFileType = image.png; path = colorBackground.png; sourceTree = "<group>"; };
		EA76F6031AE5B0E300AAD496 /* computerWithWhite.png */ = {isa = PBXFileReference; lastKnownFileType = image.png; path = computerWithWhite.png; sourceTree = "<group>"; };
		EA76F6051AE5B1B800AAD496 /* color.png */ = {isa = PBXFileReference; lastKnownFileType = image.png; path = color.png; sourceTree = "<group>"; };
		EA76F6071AE5B2FA00AAD496 /* colored.png */ = {isa = PBXFileReference; lastKnownFileType = image.png; path = colored.png; sourceTree = "<group>"; };
/* End PBXFileReference section */

/* Begin PBXFrameworksBuildPhase section */
		EA486FE11AE1D957002A5A3D /* Frameworks */ = {
			isa = PBXFrameworksBuildPhase;
			buildActionMask = 2147483647;
			files = (
				EA3A34FC1AE41A390042FB88 /* Foundation.framework in Frameworks */,
				EA3A34FA1AE41A330042FB88 /* CoreGraphics.framework in Frameworks */,
				EA3A34F81AE41A1C0042FB88 /* UIKit.framework in Frameworks */,
			);
			runOnlyForDeploymentPostprocessing = 0;
		};
		EA486FFA1AE1D958002A5A3D /* Frameworks */ = {
			isa = PBXFrameworksBuildPhase;
			buildActionMask = 2147483647;
			files = (
			);
			runOnlyForDeploymentPostprocessing = 0;
		};
/* End PBXFrameworksBuildPhase section */

/* Begin PBXGroup section */
		EA2C1FF51AE6A84100D0DC7B /* Erase */ = {
			isa = PBXGroup;
			children = (
				EA76F5F81AE5A9CA00AAD496 /* EraseViewController.h */,
				EA76F5F91AE5A9CA00AAD496 /* EraseViewController.m */,
				EA76F5F51AE5A8DB00AAD496 /* EraseImageView.h */,
				EA76F5F61AE5A8DB00AAD496 /* EraseImageView.m */,
			);
			name = Erase;
			path = ..;
			sourceTree = "<group>";
		};
		EA3A34B91AE418990042FB88 /* WTMGlyph */ = {
			isa = PBXGroup;
			children = (
				EA3A34BA1AE418990042FB88 /* CDataScanner.h */,
				EA3A34BB1AE418990042FB88 /* CDataScanner.m */,
				EA3A34BC1AE418990042FB88 /* Experimental */,
				EA3A34C51AE418990042FB88 /* Extensions */,
				EA3A34CA1AE418990042FB88 /* JSON */,
				EA3A34D21AE418990042FB88 /* ndollar.js */,
				EA3A34D31AE418990042FB88 /* protractor-chi2010.pdf */,
				EA3A34D41AE418990042FB88 /* WTMDetectionResult.h */,
				EA3A34D51AE418990042FB88 /* WTMDetectionResult.m */,
				EA3A34D61AE418990042FB88 /* WTMGlyph-Prefix.pch */,
				EA3A34D71AE418990042FB88 /* WTMGlyph.h */,
				EA3A34D81AE418990042FB88 /* WTMGlyph.m */,
				EA3A34D91AE418990042FB88 /* WTMGlyphDefaults.h */,
				EA3A34DA1AE418990042FB88 /* WTMGlyphDefaults.m */,
				EA3A34DB1AE418990042FB88 /* WTMGlyphDelegate.h */,
				EA3A34DC1AE418990042FB88 /* WTMGlyphDetector.h */,
				EA3A34DD1AE418990042FB88 /* WTMGlyphDetector.m */,
				EA3A34DE1AE418990042FB88 /* WTMGlyphStroke.h */,
				EA3A34DF1AE418990042FB88 /* WTMGlyphStroke.m */,
				EA3A34E01AE418990042FB88 /* WTMGlyphTemplate.h */,
				EA3A34E11AE418990042FB88 /* WTMGlyphTemplate.m */,
				EA3A34E21AE418990042FB88 /* WTMGlyphUtilities.h */,
				EA3A34E31AE418990042FB88 /* WTMGlyphUtilities.m */,
			);
			name = WTMGlyph;
			path = ../WTMGlyph;
			sourceTree = "<group>";
		};
		EA3A34BC1AE418990042FB88 /* Experimental */ = {
			isa = PBXGroup;
			children = (
				EA3A34BD1AE418990042FB88 /* CFilteringJSONSerializer.h */,
				EA3A34BE1AE418990042FB88 /* CFilteringJSONSerializer.m */,
				EA3A34BF1AE418990042FB88 /* CJSONDeserializer_BlocksExtensions.h */,
				EA3A34C01AE418990042FB88 /* CJSONDeserializer_BlocksExtensions.m */,
				EA3A34C11AE418990042FB88 /* CJSONSerialization.h */,
				EA3A34C21AE418990042FB88 /* CJSONSerialization.m */,
				EA3A34C31AE418990042FB88 /* CJSONSerializedData.h */,
				EA3A34C41AE418990042FB88 /* CJSONSerializedData.m */,
			);
			path = Experimental;
			sourceTree = "<group>";
		};
		EA3A34C51AE418990042FB88 /* Extensions */ = {
			isa = PBXGroup;
			children = (
				EA3A34C61AE418990042FB88 /* CDataScanner_Extensions.h */,
				EA3A34C71AE418990042FB88 /* CDataScanner_Extensions.m */,
				EA3A34C81AE418990042FB88 /* NSDictionary_JSONExtensions.h */,
				EA3A34C91AE418990042FB88 /* NSDictionary_JSONExtensions.m */,
			);
			path = Extensions;
			sourceTree = "<group>";
		};
		EA3A34CA1AE418990042FB88 /* JSON */ = {
			isa = PBXGroup;
			children = (
				EA3A34CB1AE418990042FB88 /* CJSONDeserializer.h */,
				EA3A34CC1AE418990042FB88 /* CJSONDeserializer.m */,
				EA3A34CD1AE418990042FB88 /* CJSONScanner.h */,
				EA3A34CE1AE418990042FB88 /* CJSONScanner.m */,
				EA3A34CF1AE418990042FB88 /* CJSONSerializer.h */,
				EA3A34D01AE418990042FB88 /* CJSONSerializer.m */,
				EA3A34D11AE418990042FB88 /* JSONRepresentation.h */,
			);
			path = JSON;
			sourceTree = "<group>";
		};
		EA3A34FD1AE4226B0042FB88 /* Frameworks */ = {
			isa = PBXGroup;
			children = (
				EA3A34FB1AE41A390042FB88 /* Foundation.framework */,
				EA3A34F91AE41A330042FB88 /* CoreGraphics.framework */,
				EA3A34F71AE41A1C0042FB88 /* UIKit.framework */,
			);
			name = Frameworks;
			path = ..;
			sourceTree = "<group>";
		};
		EA3A35001AE422D80042FB88 /* gestures */ = {
			isa = PBXGroup;
			children = (
				EA3A35011AE422D80042FB88 /* A.json */,
				EA3A35021AE422D80042FB88 /* B.json */,
				EA3A35031AE422D80042FB88 /* C.json */,
				EA3A35041AE422D80042FB88 /* circle.json */,
				EA3A35051AE422D80042FB88 /* D.json */,
				EA3A35061AE422D80042FB88 /* E.json */,
				EA3A35071AE422D80042FB88 /* F.json */,
				EA3A35081AE422D80042FB88 /* G.json */,
				EA3A35091AE422D80042FB88 /* H.json */,
				EA3A350A1AE422D80042FB88 /* I.json */,
				EA3A350B1AE422D80042FB88 /* J.json */,
				EA3A350C1AE422D80042FB88 /* K.json */,
				EA3A350D1AE422D80042FB88 /* L.json */,
				EA3A35411AE44E260042FB88 /* ruby.json */,
				EA3A353F1AE44DB20042FB88 /* 4.json */,
				EA3A350E1AE422D80042FB88 /* M.json */,
				EA3A350F1AE422D80042FB88 /* N.json */,
				EA3A35101AE422D80042FB88 /* O.json */,
				EA3A35111AE422D80042FB88 /* P.json */,
				EA3A35121AE422D80042FB88 /* Q.json */,
				EA3A35131AE422D80042FB88 /* R.json */,
				EA3A35141AE422D80042FB88 /* S.json */,
				EA3A35151AE422D80042FB88 /* square.json */,
				EA3A35161AE422D80042FB88 /* T.json */,
				EA3A35171AE422D80042FB88 /* triangle.json */,
				EA3A35181AE422D80042FB88 /* U.json */,
				EA3A35191AE422D80042FB88 /* V.json */,
				EA3A351A1AE422D80042FB88 /* W.json */,
				EA3A351B1AE422D80042FB88 /* X.json */,
				EA3A351C1AE422D80042FB88 /* Y.json */,
				EA3A351D1AE422D80042FB88 /* Z.json */,
			);
			path = gestures;
			sourceTree = "<group>";
		};
		EA486FDB1AE1D957002A5A3D = {
			isa = PBXGroup;
			children = (
				EA486FE61AE1D957002A5A3D /* SebastianBastidas */,
				EA4870001AE1D958002A5A3D /* SebastianBastidasTests */,
				EA486FE51AE1D957002A5A3D /* Products */,
			);
			sourceTree = "<group>";
		};
		EA486FE51AE1D957002A5A3D /* Products */ = {
			isa = PBXGroup;
			children = (
				EA486FE41AE1D957002A5A3D /* SebastianBastidas.app */,
				EA486FFD1AE1D958002A5A3D /* SebastianBastidasTests.xctest */,
			);
			name = Products;
			sourceTree = "<group>";
		};
		EA486FE61AE1D957002A5A3D /* SebastianBastidas */ = {
			isa = PBXGroup;
			children = (
				EA486FF11AE1D958002A5A3D /* Main.storyboard */,
				EA69D9D81AE7102C00BE5B9D /* DropItViewController.h */,
				EA69D9D91AE7102C00BE5B9D /* DropItViewController.m */,
				EA69D9DA1AE7102C00BE5B9D /* DropItBehavior.h */,
				EA69D9DB1AE7102D00BE5B9D /* DropItBehavior.m */,
				EA69D9E11AE7127500BE5B9D /* LeavesViewController.h */,
				EA69D9E21AE7127500BE5B9D /* LeavesViewController.m */,
				EA2C1FF51AE6A84100D0DC7B /* Erase */,
				EA4870181AE1DF55002A5A3D /* Piano.swift */,
				EA486FEB1AE1D957002A5A3D /* AppDelegate.h */,
				EA486FEC1AE1D957002A5A3D /* AppDelegate.m */,
				EA4870161AE1DE61002A5A3D /* PianoViewController.swift */,
				EA2C1FF21AE6A55100D0DC7B /* DismissViewController.h */,
				EA2C1FF31AE6A55100D0DC7B /* DismissViewController.m */,
				EA3A34A91AE40A4A0042FB88 /* SwipeViewController.h */,
				EA3A34AA1AE40A4A0042FB88 /* SwipeViewController.m */,
				EA486FF41AE1D958002A5A3D /* Images.xcassets */,
				EA486FF61AE1D958002A5A3D /* LaunchScreen.xib */,
				EA3A34AC1AE418000042FB88 /* DrawViewController.h */,
				EA3A34AD1AE418010042FB88 /* DrawViewController.m */,
				EA486FE71AE1D957002A5A3D /* Supporting Files */,
				EA4870131AE1DDA2002A5A3D /* SebastianBastidas-Bridging-Header.h */,
			);
			path = SebastianBastidas;
			sourceTree = "<group>";
		};
		EA486FE71AE1D957002A5A3D /* Supporting Files */ = {
			isa = PBXGroup;
			children = (
				EA3A34AE1AE418010042FB88 /* WTMGlyphDetectorView.h */,
				EA3A34AF1AE418010042FB88 /* WTMGlyphDetectorView.m */,
				EA3A35001AE422D80042FB88 /* gestures */,
				EA0F49401AE540660020B086 /* PocketSVG.h */,
				EA0F49411AE540660020B086 /* PocketSVG.m */,
				EA0F49431AE540840020B086 /* PocketSVG iOS Example-Bridging-Header.h */,
				EA3A34B91AE418990042FB88 /* WTMGlyph */,
				EA3A34FD1AE4226B0042FB88 /* Frameworks */,
				EA3A34FE1AE422970042FB88 /* WTMGlyphDemo-Info.plist */,
				EA4870201AE1E2D5002A5A3D /* image */,
				EA486FE81AE1D957002A5A3D /* Info.plist */,
				EA4870251AE1E31A002A5A3D /* sound */,
				EA486FE91AE1D957002A5A3D /* main.m */,
				EA3A34B81AE418230042FB88 /* WTMGlyphDemo-Prefix.pch */,
			);
			name = "Supporting Files";
			sourceTree = "<group>";
		};
		EA4870001AE1D958002A5A3D /* SebastianBastidasTests */ = {
			isa = PBXGroup;
			children = (
				EA4870031AE1D958002A5A3D /* SebastianBastidasTests.m */,
				EA4870011AE1D958002A5A3D /* Supporting Files */,
			);
			path = SebastianBastidasTests;
			sourceTree = "<group>";
		};
		EA4870011AE1D958002A5A3D /* Supporting Files */ = {
			isa = PBXGroup;
			children = (
				EA4870021AE1D958002A5A3D /* Info.plist */,
			);
			name = "Supporting Files";
			sourceTree = "<group>";
		};
		EA4870201AE1E2D5002A5A3D /* image */ = {
			isa = PBXGroup;
			children = (
				EA69D9E41AE7141800BE5B9D /* leaf.svg */,
				EA2C1FEE1AE5CECF00D0DC7B /* color-small.png */,
				EA2C1FEF1AE5CECF00D0DC7B /* colored-small.png */,
				EA76F6031AE5B0E300AAD496 /* computerWithWhite.png */,
				EA76F6071AE5B2FA00AAD496 /* colored.png */,
				EA76F6051AE5B1B800AAD496 /* color.png */,
				EA76F6001AE5B09800AAD496 /* colorBackground.png */,
				EA76F5FC1AE5AAB000AAD496 /* 1.png */,
				EA0F494E1AE54ACF0020B086 /* ruby.svg */,
				EA76F5B21AE559E800AAD496 /* house.svg */,
				EA4870211AE1E2D5002A5A3D /* black.jpg */,
				EA4870221AE1E2D5002A5A3D /* white.jpg */,
			);
			path = image;
			sourceTree = "<group>";
		};
		EA4870251AE1E31A002A5A3D /* sound */ = {
			isa = PBXGroup;
			children = (
				EA4870261AE1E31A002A5A3D /* A#.mp3 */,
				EA4870271AE1E31A002A5A3D /* A.mp3 */,
				EA4870281AE1E31A002A5A3D /* B.mp3 */,
				EA4870291AE1E31A002A5A3D /* C#.mp3 */,
				EA48702A1AE1E31A002A5A3D /* C3.mp3 */,
				EA48702B1AE1E31A002A5A3D /* C4.mp3 */,
				EA48702C1AE1E31A002A5A3D /* D#.mp3 */,
				EA48702D1AE1E31A002A5A3D /* D.mp3 */,
				EA48702E1AE1E31A002A5A3D /* E.mp3 */,
				EA48702F1AE1E31A002A5A3D /* F#.mp3 */,
				EA4870301AE1E31A002A5A3D /* F.mp3 */,
				EA4870311AE1E31A002A5A3D /* G#.mp3 */,
				EA4870321AE1E31A002A5A3D /* G.mp3 */,
			);
			path = sound;
			sourceTree = "<group>";
		};
/* End PBXGroup section */

/* Begin PBXNativeTarget section */
		EA486FE31AE1D957002A5A3D /* SebastianBastidas */ = {
			isa = PBXNativeTarget;
			buildConfigurationList = EA4870071AE1D958002A5A3D /* Build configuration list for PBXNativeTarget "SebastianBastidas" */;
			buildPhases = (
				EA486FE01AE1D957002A5A3D /* Sources */,
				EA486FE11AE1D957002A5A3D /* Frameworks */,
				EA486FE21AE1D957002A5A3D /* Resources */,
			);
			buildRules = (
			);
			dependencies = (
			);
			name = SebastianBastidas;
			productName = SebastianBastidas;
			productReference = EA486FE41AE1D957002A5A3D /* SebastianBastidas.app */;
			productType = "com.apple.product-type.application";
		};
		EA486FFC1AE1D958002A5A3D /* SebastianBastidasTests */ = {
			isa = PBXNativeTarget;
			buildConfigurationList = EA48700A1AE1D958002A5A3D /* Build configuration list for PBXNativeTarget "SebastianBastidasTests" */;
			buildPhases = (
				EA486FF91AE1D958002A5A3D /* Sources */,
				EA486FFA1AE1D958002A5A3D /* Frameworks */,
				EA486FFB1AE1D958002A5A3D /* Resources */,
			);
			buildRules = (
			);
			dependencies = (
				EA486FFF1AE1D958002A5A3D /* PBXTargetDependency */,
			);
			name = SebastianBastidasTests;
			productName = SebastianBastidasTests;
			productReference = EA486FFD1AE1D958002A5A3D /* SebastianBastidasTests.xctest */;
			productType = "com.apple.product-type.bundle.unit-test";
		};
/* End PBXNativeTarget section */

/* Begin PBXProject section */
		EA486FDC1AE1D957002A5A3D /* Project object */ = {
			isa = PBXProject;
			attributes = {
				LastUpgradeCheck = 0630;
				ORGANIZATIONNAME = sbastidasr;
				TargetAttributes = {
					EA486FE31AE1D957002A5A3D = {
						CreatedOnToolsVersion = 6.3;
					};
					EA486FFC1AE1D958002A5A3D = {
						CreatedOnToolsVersion = 6.3;
						TestTargetID = EA486FE31AE1D957002A5A3D;
					};
				};
			};
			buildConfigurationList = EA486FDF1AE1D957002A5A3D /* Build configuration list for PBXProject "SebastianBastidas" */;
			compatibilityVersion = "Xcode 3.2";
			developmentRegion = English;
			hasScannedForEncodings = 0;
			knownRegions = (
				en,
				Base,
			);
			mainGroup = EA486FDB1AE1D957002A5A3D;
			productRefGroup = EA486FE51AE1D957002A5A3D /* Products */;
			projectDirPath = "";
			projectRoot = "";
			targets = (
				EA486FE31AE1D957002A5A3D /* SebastianBastidas */,
				EA486FFC1AE1D958002A5A3D /* SebastianBastidasTests */,
			);
		};
/* End PBXProject section */

/* Begin PBXResourcesBuildPhase section */
		EA486FE21AE1D957002A5A3D /* Resources */ = {
			isa = PBXResourcesBuildPhase;
			buildActionMask = 2147483647;
			files = (
				EA3A35301AE422D80042FB88 /* R.json in Resources */,
				EA76F5B31AE559E800AAD496 /* house.svg in Resources */,
				EA3A352F1AE422D80042FB88 /* Q.json in Resources */,
				EA3A352A1AE422D80042FB88 /* L.json in Resources */,
				EA3A35291AE422D80042FB88 /* K.json in Resources */,
				EA3A35261AE422D80042FB88 /* H.json in Resources */,
				EA3A35221AE422D80042FB88 /* D.json in Resources */,
				EA0F494F1AE54ACF0020B086 /* ruby.svg in Resources */,
				EA3A35271AE422D80042FB88 /* I.json in Resources */,
				EA3A352B1AE422D80042FB88 /* M.json in Resources */,
				EA76F6081AE5B2FA00AAD496 /* colored.png in Resources */,
				EA3A35321AE422D80042FB88 /* square.json in Resources */,
				EA48703C1AE1E31A002A5A3D /* F#.mp3 in Resources */,
				EA3A35201AE422D80042FB88 /* C.json in Resources */,
				EA3A35211AE422D80042FB88 /* circle.json in Resources */,
				EA3A34EE1AE418990042FB88 /* ndollar.js in Resources */,
				EA76F6061AE5B1B800AAD496 /* color.png in Resources */,
				EA4870371AE1E31A002A5A3D /* C3.mp3 in Resources */,
				EA3A35391AE422D80042FB88 /* Y.json in Resources */,
				EA3A35361AE422D80042FB88 /* V.json in Resources */,
				EA4870361AE1E31A002A5A3D /* C#.mp3 in Resources */,
				EA3A352E1AE422D80042FB88 /* P.json in Resources */,
				EA3A34FF1AE422970042FB88 /* WTMGlyphDemo-Info.plist in Resources */,
				EA486FF31AE1D958002A5A3D /* Main.storyboard in Resources */,
				EA4870341AE1E31A002A5A3D /* A.mp3 in Resources */,
				EA48703E1AE1E31A002A5A3D /* G#.mp3 in Resources */,
				EA3A351F1AE422D80042FB88 /* B.json in Resources */,
				EA3A35421AE44E260042FB88 /* ruby.json in Resources */,
				EA3A35381AE422D80042FB88 /* X.json in Resources */,
				EA3A35241AE422D80042FB88 /* F.json in Resources */,
				EA48703F1AE1E31A002A5A3D /* G.mp3 in Resources */,
				EA76F6021AE5B09800AAD496 /* colorBackground.png in Resources */,
				EA3A35401AE44DB20042FB88 /* 4.json in Resources */,
				EA76F6041AE5B0E300AAD496 /* computerWithWhite.png in Resources */,
				EA48703A1AE1E31A002A5A3D /* D.mp3 in Resources */,
				EA2C1FF01AE5CECF00D0DC7B /* color-small.png in Resources */,
				EA486FF81AE1D958002A5A3D /* LaunchScreen.xib in Resources */,
				EA3A35351AE422D80042FB88 /* U.json in Resources */,
				EA3A35231AE422D80042FB88 /* E.json in Resources */,
				EA3A35331AE422D80042FB88 /* T.json in Resources */,
				EA3A35341AE422D80042FB88 /* triangle.json in Resources */,
				EA48703B1AE1E31A002A5A3D /* E.mp3 in Resources */,
				EA3A35251AE422D80042FB88 /* G.json in Resources */,
				EA3A352C1AE422D80042FB88 /* N.json in Resources */,
				EA3A35311AE422D80042FB88 /* S.json in Resources */,
				EA76F5FE1AE5AAB000AAD496 /* 1.png in Resources */,
				EA486FF51AE1D958002A5A3D /* Images.xcassets in Resources */,
				EA48703D1AE1E31A002A5A3D /* F.mp3 in Resources */,
				EA2C1FF11AE5CECF00D0DC7B /* colored-small.png in Resources */,
				EA3A35371AE422D80042FB88 /* W.json in Resources */,
				EA4870231AE1E2D5002A5A3D /* black.jpg in Resources */,
				EA3A353A1AE422D80042FB88 /* Z.json in Resources */,
				EA3A35281AE422D80042FB88 /* J.json in Resources */,
				EA4870391AE1E31A002A5A3D /* D#.mp3 in Resources */,
				EA69D9E51AE7141800BE5B9D /* leaf.svg in Resources */,
				EA4870351AE1E31A002A5A3D /* B.mp3 in Resources */,
				EA3A34EF1AE418990042FB88 /* protractor-chi2010.pdf in Resources */,
				EA4870331AE1E31A002A5A3D /* A#.mp3 in Resources */,
				EA4870241AE1E2D5002A5A3D /* white.jpg in Resources */,
				EA4870381AE1E31A002A5A3D /* C4.mp3 in Resources */,
				EA3A351E1AE422D80042FB88 /* A.json in Resources */,
				EA3A352D1AE422D80042FB88 /* O.json in Resources */,
			);
			runOnlyForDeploymentPostprocessing = 0;
		};
		EA486FFB1AE1D958002A5A3D /* Resources */ = {
			isa = PBXResourcesBuildPhase;
			buildActionMask = 2147483647;
			files = (
			);
			runOnlyForDeploymentPostprocessing = 0;
		};
/* End PBXResourcesBuildPhase section */

/* Begin PBXSourcesBuildPhase section */
		EA486FE01AE1D957002A5A3D /* Sources */ = {
			isa = PBXSourcesBuildPhase;
			buildActionMask = 2147483647;
			files = (
				EA3A34EC1AE418990042FB88 /* CJSONScanner.m in Sources */,
				EA3A34F31AE418990042FB88 /* WTMGlyphDetector.m in Sources */,
				EA3A34E91AE418990042FB88 /* CDataScanner_Extensions.m in Sources */,
				EA69D9DD1AE7102D00BE5B9D /* DropItBehavior.m in Sources */,
				EA3A34E41AE418990042FB88 /* CDataScanner.m in Sources */,
				EA3A34ED1AE418990042FB88 /* CJSONSerializer.m in Sources */,
				EA3A34B21AE418010042FB88 /* DrawViewController.m in Sources */,
				EA3A34F21AE418990042FB88 /* WTMGlyphDefaults.m in Sources */,
				EA76F5FA1AE5A9CA00AAD496 /* EraseViewController.m in Sources */,
				EA4870191AE1DF55002A5A3D /* Piano.swift in Sources */,
				EA2C1FF41AE6A55100D0DC7B /* DismissViewController.m in Sources */,
				EA486FED1AE1D957002A5A3D /* AppDelegate.m in Sources */,
				EA0F49421AE540660020B086 /* PocketSVG.m in Sources */,
				EA69D9E31AE7127500BE5B9D /* LeavesViewController.m in Sources */,
				EA3A34F01AE418990042FB88 /* WTMDetectionResult.m in Sources */,
				EA3A34E51AE418990042FB88 /* CFilteringJSONSerializer.m in Sources */,
				EA3A34EA1AE418990042FB88 /* NSDictionary_JSONExtensions.m in Sources */,
				EA3A34AB1AE40A4A0042FB88 /* SwipeViewController.m in Sources */,
				EA3A34F51AE418990042FB88 /* WTMGlyphTemplate.m in Sources */,
				EA3A34F41AE418990042FB88 /* WTMGlyphStroke.m in Sources */,
				EA3A34F11AE418990042FB88 /* WTMGlyph.m in Sources */,
				EA3A34E71AE418990042FB88 /* CJSONSerialization.m in Sources */,
				EA3A34EB1AE418990042FB88 /* CJSONDeserializer.m in Sources */,
				EA4870171AE1DE61002A5A3D /* PianoViewController.swift in Sources */,
				EA486FEA1AE1D957002A5A3D /* main.m in Sources */,
				EA3A34E61AE418990042FB88 /* CJSONDeserializer_BlocksExtensions.m in Sources */,
				EA3A34B31AE418010042FB88 /* WTMGlyphDetectorView.m in Sources */,
				EA76F5F71AE5A8DB00AAD496 /* EraseImageView.m in Sources */,
				EA69D9DC1AE7102D00BE5B9D /* DropItViewController.m in Sources */,
				EA3A34F61AE418990042FB88 /* WTMGlyphUtilities.m in Sources */,
				EA3A34E81AE418990042FB88 /* CJSONSerializedData.m in Sources */,
			);
			runOnlyForDeploymentPostprocessing = 0;
		};
		EA486FF91AE1D958002A5A3D /* Sources */ = {
			isa = PBXSourcesBuildPhase;
			buildActionMask = 2147483647;
			files = (
				EA4870041AE1D958002A5A3D /* SebastianBastidasTests.m in Sources */,
			);
			runOnlyForDeploymentPostprocessing = 0;
		};
/* End PBXSourcesBuildPhase section */

/* Begin PBXTargetDependency section */
		EA486FFF1AE1D958002A5A3D /* PBXTargetDependency */ = {
			isa = PBXTargetDependency;
			target = EA486FE31AE1D957002A5A3D /* SebastianBastidas */;
			targetProxy = EA486FFE1AE1D958002A5A3D /* PBXContainerItemProxy */;
		};
/* End PBXTargetDependency section */

/* Begin PBXVariantGroup section */
		EA486FF11AE1D958002A5A3D /* Main.storyboard */ = {
			isa = PBXVariantGroup;
			children = (
				EA486FF21AE1D958002A5A3D /* Base */,
			);
			name = Main.storyboard;
			sourceTree = "<group>";
		};
		EA486FF61AE1D958002A5A3D /* LaunchScreen.xib */ = {
			isa = PBXVariantGroup;
			children = (
				EA486FF71AE1D958002A5A3D /* Base */,
			);
			name = LaunchScreen.xib;
			sourceTree = "<group>";
		};
/* End PBXVariantGroup section */

/* Begin XCBuildConfiguration section */
		EA4870051AE1D958002A5A3D /* Debug */ = {
			isa = XCBuildConfiguration;
			buildSettings = {
				ALWAYS_SEARCH_USER_PATHS = NO;
				CLANG_CXX_LANGUAGE_STANDARD = "gnu++0x";
				CLANG_CXX_LIBRARY = "libc++";
				CLANG_ENABLE_MODULES = YES;
				CLANG_ENABLE_OBJC_ARC = YES;
				CLANG_WARN_BOOL_CONVERSION = YES;
				CLANG_WARN_CONSTANT_CONVERSION = YES;
				CLANG_WARN_DIRECT_OBJC_ISA_USAGE = YES_ERROR;
				CLANG_WARN_EMPTY_BODY = YES;
				CLANG_WARN_ENUM_CONVERSION = YES;
				CLANG_WARN_INT_CONVERSION = YES;
				CLANG_WARN_OBJC_ROOT_CLASS = YES_ERROR;
				CLANG_WARN_UNREACHABLE_CODE = YES;
				CLANG_WARN__DUPLICATE_METHOD_MATCH = YES;
				"CODE_SIGN_IDENTITY[sdk=iphoneos*]" = "iPhone Developer";
				COPY_PHASE_STRIP = NO;
				DEBUG_INFORMATION_FORMAT = "dwarf-with-dsym";
				ENABLE_STRICT_OBJC_MSGSEND = YES;
				GCC_C_LANGUAGE_STANDARD = gnu99;
				GCC_DYNAMIC_NO_PIC = NO;
				GCC_NO_COMMON_BLOCKS = YES;
				GCC_OPTIMIZATION_LEVEL = 0;
				GCC_PREPROCESSOR_DEFINITIONS = (
					"DEBUG=1",
					"$(inherited)",
				);
				GCC_SYMBOLS_PRIVATE_EXTERN = NO;
				GCC_WARN_64_TO_32_BIT_CONVERSION = YES;
				GCC_WARN_ABOUT_RETURN_TYPE = YES_ERROR;
				GCC_WARN_UNDECLARED_SELECTOR = YES;
				GCC_WARN_UNINITIALIZED_AUTOS = YES_AGGRESSIVE;
				GCC_WARN_UNUSED_FUNCTION = YES;
				GCC_WARN_UNUSED_VARIABLE = YES;
				IPHONEOS_DEPLOYMENT_TARGET = 8.3;
				MTL_ENABLE_DEBUG_INFO = YES;
				ONLY_ACTIVE_ARCH = YES;
				SDKROOT = iphoneos;
				TARGETED_DEVICE_FAMILY = "1,2";
			};
			name = Debug;
		};
		EA4870061AE1D958002A5A3D /* Release */ = {
			isa = XCBuildConfiguration;
			buildSettings = {
				ALWAYS_SEARCH_USER_PATHS = NO;
				CLANG_CXX_LANGUAGE_STANDARD = "gnu++0x";
				CLANG_CXX_LIBRARY = "libc++";
				CLANG_ENABLE_MODULES = YES;
				CLANG_ENABLE_OBJC_ARC = YES;
				CLANG_WARN_BOOL_CONVERSION = YES;
				CLANG_WARN_CONSTANT_CONVERSION = YES;
				CLANG_WARN_DIRECT_OBJC_ISA_USAGE = YES_ERROR;
				CLANG_WARN_EMPTY_BODY = YES;
				CLANG_WARN_ENUM_CONVERSION = YES;
				CLANG_WARN_INT_CONVERSION = YES;
				CLANG_WARN_OBJC_ROOT_CLASS = YES_ERROR;
				CLANG_WARN_UNREACHABLE_CODE = YES;
				CLANG_WARN__DUPLICATE_METHOD_MATCH = YES;
				"CODE_SIGN_IDENTITY[sdk=iphoneos*]" = "iPhone Developer";
				COPY_PHASE_STRIP = NO;
				DEBUG_INFORMATION_FORMAT = "dwarf-with-dsym";
				ENABLE_NS_ASSERTIONS = NO;
				ENABLE_STRICT_OBJC_MSGSEND = YES;
				GCC_C_LANGUAGE_STANDARD = gnu99;
				GCC_NO_COMMON_BLOCKS = YES;
				GCC_WARN_64_TO_32_BIT_CONVERSION = YES;
				GCC_WARN_ABOUT_RETURN_TYPE = YES_ERROR;
				GCC_WARN_UNDECLARED_SELECTOR = YES;
				GCC_WARN_UNINITIALIZED_AUTOS = YES_AGGRESSIVE;
				GCC_WARN_UNUSED_FUNCTION = YES;
				GCC_WARN_UNUSED_VARIABLE = YES;
				IPHONEOS_DEPLOYMENT_TARGET = 8.3;
				MTL_ENABLE_DEBUG_INFO = NO;
				SDKROOT = iphoneos;
				TARGETED_DEVICE_FAMILY = "1,2";
				VALIDATE_PRODUCT = YES;
			};
			name = Release;
		};
		EA4870081AE1D958002A5A3D /* Debug */ = {
			isa = XCBuildConfiguration;
			buildSettings = {
				ASSETCATALOG_COMPILER_APPICON_NAME = AppIcon;
				CLANG_ENABLE_MODULES = YES;
				INFOPLIST_FILE = SebastianBastidas/Info.plist;
				LD_RUNPATH_SEARCH_PATHS = "$(inherited) @executable_path/Frameworks";
				PRODUCT_NAME = "$(TARGET_NAME)";
				SWIFT_OBJC_BRIDGING_HEADER = "SebastianBastidas/SebastianBastidas-Bridging-Header.h";
				SWIFT_OPTIMIZATION_LEVEL = "-Onone";
			};
			name = Debug;
		};
		EA4870091AE1D958002A5A3D /* Release */ = {
			isa = XCBuildConfiguration;
			buildSettings = {
				ASSETCATALOG_COMPILER_APPICON_NAME = AppIcon;
				CLANG_ENABLE_MODULES = YES;
				INFOPLIST_FILE = SebastianBastidas/Info.plist;
				LD_RUNPATH_SEARCH_PATHS = "$(inherited) @executable_path/Frameworks";
				PRODUCT_NAME = "$(TARGET_NAME)";
				SWIFT_OBJC_BRIDGING_HEADER = "SebastianBastidas/SebastianBastidas-Bridging-Header.h";
			};
			name = Release;
		};
		EA48700B1AE1D958002A5A3D /* Debug */ = {
			isa = XCBuildConfiguration;
			buildSettings = {
				BUNDLE_LOADER = "$(TEST_HOST)";
				FRAMEWORK_SEARCH_PATHS = (
					"$(SDKROOT)/Developer/Library/Frameworks",
					"$(inherited)",
				);
				GCC_PREPROCESSOR_DEFINITIONS = (
					"DEBUG=1",
					"$(inherited)",
				);
				INFOPLIST_FILE = SebastianBastidasTests/Info.plist;
				LD_RUNPATH_SEARCH_PATHS = "$(inherited) @executable_path/Frameworks @loader_path/Frameworks";
				PRODUCT_NAME = "$(TARGET_NAME)";
				TEST_HOST = "$(BUILT_PRODUCTS_DIR)/SebastianBastidas.app/SebastianBastidas";
			};
			name = Debug;
		};
		EA48700C1AE1D958002A5A3D /* Release */ = {
			isa = XCBuildConfiguration;
			buildSettings = {
				BUNDLE_LOADER = "$(TEST_HOST)";
				FRAMEWORK_SEARCH_PATHS = (
					"$(SDKROOT)/Developer/Library/Frameworks",
					"$(inherited)",
				);
				INFOPLIST_FILE = SebastianBastidasTests/Info.plist;
				LD_RUNPATH_SEARCH_PATHS = "$(inherited) @executable_path/Frameworks @loader_path/Frameworks";
				PRODUCT_NAME = "$(TARGET_NAME)";
				TEST_HOST = "$(BUILT_PRODUCTS_DIR)/SebastianBastidas.app/SebastianBastidas";
			};
			name = Release;
		};
/* End XCBuildConfiguration section */

/* Begin XCConfigurationList section */
		EA486FDF1AE1D957002A5A3D /* Build configuration list for PBXProject "SebastianBastidas" */ = {
			isa = XCConfigurationList;
			buildConfigurations = (
				EA4870051AE1D958002A5A3D /* Debug */,
				EA4870061AE1D958002A5A3D /* Release */,
			);
			defaultConfigurationIsVisible = 0;
			defaultConfigurationName = Release;
		};
		EA4870071AE1D958002A5A3D /* Build configuration list for PBXNativeTarget "SebastianBastidas" */ = {
			isa = XCConfigurationList;
			buildConfigurations = (
				EA4870081AE1D958002A5A3D /* Debug */,
				EA4870091AE1D958002A5A3D /* Release */,
			);
			defaultConfigurationIsVisible = 0;
			defaultConfigurationName = Release;
		};
		EA48700A1AE1D958002A5A3D /* Build configuration list for PBXNativeTarget "SebastianBastidasTests" */ = {
			isa = XCConfigurationList;
			buildConfigurations = (
				EA48700B1AE1D958002A5A3D /* Debug */,
				EA48700C1AE1D958002A5A3D /* Release */,
			);
			defaultConfigurationIsVisible = 0;
			defaultConfigurationName = Release;
		};
/* End XCConfigurationList section */
	};
	rootObject = EA486FDC1AE1D957002A5A3D /* Project object */;
}
